// !$*UTF8*$!
{
	archiveVersion = 1;
	classes = {
	};
	objectVersion = 56;
	objects = {

/* Begin PBXBuildFile section */
		13635F32CD134304A6764ED8 /* Pods_Case3_Case3UITests.framework in Frameworks */ = {isa = PBXBuildFile; fileRef = 2C2FEE59F2DB529899AAE067 /* Pods_Case3_Case3UITests.framework */; };
		3E4FF6FB2B869036008E22DD /* AppDelegate.swift in Sources */ = {isa = PBXBuildFile; fileRef = 3E4FF6FA2B869036008E22DD /* AppDelegate.swift */; };
		3E4FF6FD2B869036008E22DD /* SceneDelegate.swift in Sources */ = {isa = PBXBuildFile; fileRef = 3E4FF6FC2B869036008E22DD /* SceneDelegate.swift */; };
		3E4FF6FF2B869036008E22DD /* ViewController.swift in Sources */ = {isa = PBXBuildFile; fileRef = 3E4FF6FE2B869036008E22DD /* ViewController.swift */; };
		3E4FF7042B869037008E22DD /* Assets.xcassets in Resources */ = {isa = PBXBuildFile; fileRef = 3E4FF7032B869037008E22DD /* Assets.xcassets */; };
		3E4FF7072B869037008E22DD /* LaunchScreen.storyboard in Resources */ = {isa = PBXBuildFile; fileRef = 3E4FF7052B869037008E22DD /* LaunchScreen.storyboard */; };
		3E4FF7122B869037008E22DD /* Case3Tests.swift in Sources */ = {isa = PBXBuildFile; fileRef = 3E4FF7112B869037008E22DD /* Case3Tests.swift */; };
		3E4FF71C2B869037008E22DD /* Case3UITests.swift in Sources */ = {isa = PBXBuildFile; fileRef = 3E4FF71B2B869037008E22DD /* Case3UITests.swift */; };
		3E4FF71E2B869037008E22DD /* Case3UITestsLaunchTests.swift in Sources */ = {isa = PBXBuildFile; fileRef = 3E4FF71D2B869037008E22DD /* Case3UITestsLaunchTests.swift */; };
		3E4FF72E2B8691B7008E22DD /* staticData.json in Resources */ = {isa = PBXBuildFile; fileRef = 3E4FF72D2B8691B7008E22DD /* staticData.json */; };
		3E4FF7302B8691F6008E22DD /* Transaction.swift in Sources */ = {isa = PBXBuildFile; fileRef = 3E4FF72F2B8691F6008E22DD /* Transaction.swift */; };
		3E4FF7322B8691FF008E22DD /* TransactionDetail.swift in Sources */ = {isa = PBXBuildFile; fileRef = 3E4FF7312B8691FF008E22DD /* TransactionDetail.swift */; };
		3E4FF7342B86920A008E22DD /* LineChart.swift in Sources */ = {isa = PBXBuildFile; fileRef = 3E4FF7332B86920A008E22DD /* LineChart.swift */; };
		3E4FF7382B8695AF008E22DD /* staticMonth.json in Resources */ = {isa = PBXBuildFile; fileRef = 3E4FF7372B8695AF008E22DD /* staticMonth.json */; };
		3E4FF73D2B86965D008E22DD /* HomepageView.swift in Sources */ = {isa = PBXBuildFile; fileRef = 3E4FF73C2B86965D008E22DD /* HomepageView.swift */; };
		3E4FF73F2B869669008E22DD /* HomepageInteractor.swift in Sources */ = {isa = PBXBuildFile; fileRef = 3E4FF73E2B869669008E22DD /* HomepageInteractor.swift */; };
		3E4FF7412B869678008E22DD /* HomepagePresenter.swift in Sources */ = {isa = PBXBuildFile; fileRef = 3E4FF7402B869678008E22DD /* HomepagePresenter.swift */; };
		3E4FF7432B869682008E22DD /* HomepageRouter.swift in Sources */ = {isa = PBXBuildFile; fileRef = 3E4FF7422B869682008E22DD /* HomepageRouter.swift */; };
		3E4FF7462B86977B008E22DD /* DetailView.swift in Sources */ = {isa = PBXBuildFile; fileRef = 3E4FF7452B86977B008E22DD /* DetailView.swift */; };
		3E4FF7482B869784008E22DD /* DetailInteractor.swift in Sources */ = {isa = PBXBuildFile; fileRef = 3E4FF7472B869784008E22DD /* DetailInteractor.swift */; };
		3E4FF74A2B86978E008E22DD /* DetailPresenter.swift in Sources */ = {isa = PBXBuildFile; fileRef = 3E4FF7492B86978E008E22DD /* DetailPresenter.swift */; };
		3E4FF74C2B869796008E22DD /* DetailRouter.swift in Sources */ = {isa = PBXBuildFile; fileRef = 3E4FF74B2B869796008E22DD /* DetailRouter.swift */; };
		7C7CF3C3758217196C9BF753 /* Pods_Case3.framework in Frameworks */ = {isa = PBXBuildFile; fileRef = DFC27A7A6FD2B236832DFD42 /* Pods_Case3.framework */; };
		A1780550274C4D358E68EE8D /* Pods_Case3Tests.framework in Frameworks */ = {isa = PBXBuildFile; fileRef = 20DDB4680623DBC5E1064C84 /* Pods_Case3Tests.framework */; };
/* End PBXBuildFile section */

/* Begin PBXContainerItemProxy section */
		3E4FF70E2B869037008E22DD /* PBXContainerItemProxy */ = {
			isa = PBXContainerItemProxy;
			containerPortal = 3E4FF6EF2B869036008E22DD /* Project object */;
			proxyType = 1;
			remoteGlobalIDString = 3E4FF6F62B869036008E22DD;
			remoteInfo = Case3;
		};
		3E4FF7182B869037008E22DD /* PBXContainerItemProxy */ = {
			isa = PBXContainerItemProxy;
			containerPortal = 3E4FF6EF2B869036008E22DD /* Project object */;
			proxyType = 1;
			remoteGlobalIDString = 3E4FF6F62B869036008E22DD;
			remoteInfo = Case3;
		};
/* End PBXContainerItemProxy section */

/* Begin PBXFileReference section */
		162618A3722073F0C35AF980 /* Pods-Case3-Case3UITests.debug.xcconfig */ = {isa = PBXFileReference; includeInIndex = 1; lastKnownFileType = text.xcconfig; name = "Pods-Case3-Case3UITests.debug.xcconfig"; path = "Target Support Files/Pods-Case3-Case3UITests/Pods-Case3-Case3UITests.debug.xcconfig"; sourceTree = "<group>"; };
		20DDB4680623DBC5E1064C84 /* Pods_Case3Tests.framework */ = {isa = PBXFileReference; explicitFileType = wrapper.framework; includeInIndex = 0; path = Pods_Case3Tests.framework; sourceTree = BUILT_PRODUCTS_DIR; };
		2C2FEE59F2DB529899AAE067 /* Pods_Case3_Case3UITests.framework */ = {isa = PBXFileReference; explicitFileType = wrapper.framework; includeInIndex = 0; path = Pods_Case3_Case3UITests.framework; sourceTree = BUILT_PRODUCTS_DIR; };
		2D6BCBCDDCF33C9991AEE2E7 /* Pods-Case3.release.xcconfig */ = {isa = PBXFileReference; includeInIndex = 1; lastKnownFileType = text.xcconfig; name = "Pods-Case3.release.xcconfig"; path = "Target Support Files/Pods-Case3/Pods-Case3.release.xcconfig"; sourceTree = "<group>"; };
		3E4FF6F72B869036008E22DD /* Case3.app */ = {isa = PBXFileReference; explicitFileType = wrapper.application; includeInIndex = 0; path = Case3.app; sourceTree = BUILT_PRODUCTS_DIR; };
		3E4FF6FA2B869036008E22DD /* AppDelegate.swift */ = {isa = PBXFileReference; lastKnownFileType = sourcecode.swift; path = AppDelegate.swift; sourceTree = "<group>"; };
		3E4FF6FC2B869036008E22DD /* SceneDelegate.swift */ = {isa = PBXFileReference; lastKnownFileType = sourcecode.swift; path = SceneDelegate.swift; sourceTree = "<group>"; };
		3E4FF6FE2B869036008E22DD /* ViewController.swift */ = {isa = PBXFileReference; lastKnownFileType = sourcecode.swift; path = ViewController.swift; sourceTree = "<group>"; };
		3E4FF7032B869037008E22DD /* Assets.xcassets */ = {isa = PBXFileReference; lastKnownFileType = folder.assetcatalog; path = Assets.xcassets; sourceTree = "<group>"; };
		3E4FF7062B869037008E22DD /* Base */ = {isa = PBXFileReference; lastKnownFileType = file.storyboard; name = Base; path = Base.lproj/LaunchScreen.storyboard; sourceTree = "<group>"; };
		3E4FF7082B869037008E22DD /* Info.plist */ = {isa = PBXFileReference; lastKnownFileType = text.plist.xml; path = Info.plist; sourceTree = "<group>"; };
		3E4FF70D2B869037008E22DD /* Case3Tests.xctest */ = {isa = PBXFileReference; explicitFileType = wrapper.cfbundle; includeInIndex = 0; path = Case3Tests.xctest; sourceTree = BUILT_PRODUCTS_DIR; };
		3E4FF7112B869037008E22DD /* Case3Tests.swift */ = {isa = PBXFileReference; lastKnownFileType = sourcecode.swift; path = Case3Tests.swift; sourceTree = "<group>"; };
		3E4FF7172B869037008E22DD /* Case3UITests.xctest */ = {isa = PBXFileReference; explicitFileType = wrapper.cfbundle; includeInIndex = 0; path = Case3UITests.xctest; sourceTree = BUILT_PRODUCTS_DIR; };
		3E4FF71B2B869037008E22DD /* Case3UITests.swift */ = {isa = PBXFileReference; lastKnownFileType = sourcecode.swift; path = Case3UITests.swift; sourceTree = "<group>"; };
		3E4FF71D2B869037008E22DD /* Case3UITestsLaunchTests.swift */ = {isa = PBXFileReference; lastKnownFileType = sourcecode.swift; path = Case3UITestsLaunchTests.swift; sourceTree = "<group>"; };
		3E4FF72D2B8691B7008E22DD /* staticData.json */ = {isa = PBXFileReference; fileEncoding = 4; lastKnownFileType = text.json; path = staticData.json; sourceTree = "<group>"; };
		3E4FF72F2B8691F6008E22DD /* Transaction.swift */ = {isa = PBXFileReference; lastKnownFileType = sourcecode.swift; path = Transaction.swift; sourceTree = "<group>"; };
		3E4FF7312B8691FF008E22DD /* TransactionDetail.swift */ = {isa = PBXFileReference; lastKnownFileType = sourcecode.swift; path = TransactionDetail.swift; sourceTree = "<group>"; };
		3E4FF7332B86920A008E22DD /* LineChart.swift */ = {isa = PBXFileReference; lastKnownFileType = sourcecode.swift; path = LineChart.swift; sourceTree = "<group>"; };
		3E4FF7372B8695AF008E22DD /* staticMonth.json */ = {isa = PBXFileReference; fileEncoding = 4; lastKnownFileType = text.json; path = staticMonth.json; sourceTree = "<group>"; };
		3E4FF73C2B86965D008E22DD /* HomepageView.swift */ = {isa = PBXFileReference; lastKnownFileType = sourcecode.swift; path = HomepageView.swift; sourceTree = "<group>"; };
		3E4FF73E2B869669008E22DD /* HomepageInteractor.swift */ = {isa = PBXFileReference; lastKnownFileType = sourcecode.swift; path = HomepageInteractor.swift; sourceTree = "<group>"; };
		3E4FF7402B869678008E22DD /* HomepagePresenter.swift */ = {isa = PBXFileReference; lastKnownFileType = sourcecode.swift; path = HomepagePresenter.swift; sourceTree = "<group>"; };
		3E4FF7422B869682008E22DD /* HomepageRouter.swift */ = {isa = PBXFileReference; lastKnownFileType = sourcecode.swift; path = HomepageRouter.swift; sourceTree = "<group>"; };
		3E4FF7452B86977B008E22DD /* DetailView.swift */ = {isa = PBXFileReference; lastKnownFileType = sourcecode.swift; path = DetailView.swift; sourceTree = "<group>"; };
		3E4FF7472B869784008E22DD /* DetailInteractor.swift */ = {isa = PBXFileReference; lastKnownFileType = sourcecode.swift; path = DetailInteractor.swift; sourceTree = "<group>"; };
		3E4FF7492B86978E008E22DD /* DetailPresenter.swift */ = {isa = PBXFileReference; lastKnownFileType = sourcecode.swift; path = DetailPresenter.swift; sourceTree = "<group>"; };
		3E4FF74B2B869796008E22DD /* DetailRouter.swift */ = {isa = PBXFileReference; lastKnownFileType = sourcecode.swift; path = DetailRouter.swift; sourceTree = "<group>"; };
		4807BC1D8EEE6583A2C8E64D /* Pods-Case3Tests.release.xcconfig */ = {isa = PBXFileReference; includeInIndex = 1; lastKnownFileType = text.xcconfig; name = "Pods-Case3Tests.release.xcconfig"; path = "Target Support Files/Pods-Case3Tests/Pods-Case3Tests.release.xcconfig"; sourceTree = "<group>"; };
		5F9D7204A0D57FE75BE24818 /* Pods-Case3.debug.xcconfig */ = {isa = PBXFileReference; includeInIndex = 1; lastKnownFileType = text.xcconfig; name = "Pods-Case3.debug.xcconfig"; path = "Target Support Files/Pods-Case3/Pods-Case3.debug.xcconfig"; sourceTree = "<group>"; };
		60619B0CB6E034DC45A1D733 /* Pods-Case3-Case3UITests.release.xcconfig */ = {isa = PBXFileReference; includeInIndex = 1; lastKnownFileType = text.xcconfig; name = "Pods-Case3-Case3UITests.release.xcconfig"; path = "Target Support Files/Pods-Case3-Case3UITests/Pods-Case3-Case3UITests.release.xcconfig"; sourceTree = "<group>"; };
		DFC27A7A6FD2B236832DFD42 /* Pods_Case3.framework */ = {isa = PBXFileReference; explicitFileType = wrapper.framework; includeInIndex = 0; path = Pods_Case3.framework; sourceTree = BUILT_PRODUCTS_DIR; };
		E7D5A3893DAC4DC8EE5CA379 /* Pods-Case3Tests.debug.xcconfig */ = {isa = PBXFileReference; includeInIndex = 1; lastKnownFileType = text.xcconfig; name = "Pods-Case3Tests.debug.xcconfig"; path = "Target Support Files/Pods-Case3Tests/Pods-Case3Tests.debug.xcconfig"; sourceTree = "<group>"; };
/* End PBXFileReference section */

/* Begin PBXFrameworksBuildPhase section */
		3E4FF6F42B869036008E22DD /* Frameworks */ = {
			isa = PBXFrameworksBuildPhase;
			buildActionMask = 2147483647;
			files = (
				7C7CF3C3758217196C9BF753 /* Pods_Case3.framework in Frameworks */,
			);
			runOnlyForDeploymentPostprocessing = 0;
		};
		3E4FF70A2B869037008E22DD /* Frameworks */ = {
			isa = PBXFrameworksBuildPhase;
			buildActionMask = 2147483647;
			files = (
				A1780550274C4D358E68EE8D /* Pods_Case3Tests.framework in Frameworks */,
			);
			runOnlyForDeploymentPostprocessing = 0;
		};
		3E4FF7142B869037008E22DD /* Frameworks */ = {
			isa = PBXFrameworksBuildPhase;
			buildActionMask = 2147483647;
			files = (
				13635F32CD134304A6764ED8 /* Pods_Case3_Case3UITests.framework in Frameworks */,
			);
			runOnlyForDeploymentPostprocessing = 0;
		};
/* End PBXFrameworksBuildPhase section */

/* Begin PBXGroup section */
		3E4FF6EE2B869036008E22DD = {
			isa = PBXGroup;
			children = (
				3E4FF6F92B869036008E22DD /* Case3 */,
				3E4FF7102B869037008E22DD /* Case3Tests */,
				3E4FF71A2B869037008E22DD /* Case3UITests */,
				3E4FF6F82B869036008E22DD /* Products */,
				C2ED9AD43D3AFF9E517787FD /* Pods */,
				DA49FF42E005DF4B6243FE6D /* Frameworks */,
			);
			sourceTree = "<group>";
		};
		3E4FF6F82B869036008E22DD /* Products */ = {
			isa = PBXGroup;
			children = (
				3E4FF6F72B869036008E22DD /* Case3.app */,
				3E4FF70D2B869037008E22DD /* Case3Tests.xctest */,
				3E4FF7172B869037008E22DD /* Case3UITests.xctest */,
			);
			name = Products;
			sourceTree = "<group>";
		};
		3E4FF6F92B869036008E22DD /* Case3 */ = {
			isa = PBXGroup;
			children = (
				3E4FF72D2B8691B7008E22DD /* staticData.json */,
				3E4FF7372B8695AF008E22DD /* staticMonth.json */,
				3E4FF7442B8696B8008E22DD /* DetailModule */,
				3E4FF73B2B869649008E22DD /* HomepageModule */,
				3E4FF72A2B869041008E22DD /* Entities */,
				3E4FF6FA2B869036008E22DD /* AppDelegate.swift */,
				3E4FF6FC2B869036008E22DD /* SceneDelegate.swift */,
				3E4FF6FE2B869036008E22DD /* ViewController.swift */,
				3E4FF7032B869037008E22DD /* Assets.xcassets */,
				3E4FF7052B869037008E22DD /* LaunchScreen.storyboard */,
				3E4FF7082B869037008E22DD /* Info.plist */,
			);
			path = Case3;
			sourceTree = "<group>";
		};
		3E4FF7102B869037008E22DD /* Case3Tests */ = {
			isa = PBXGroup;
			children = (
				3E4FF7112B869037008E22DD /* Case3Tests.swift */,
			);
			path = Case3Tests;
			sourceTree = "<group>";
		};
		3E4FF71A2B869037008E22DD /* Case3UITests */ = {
			isa = PBXGroup;
			children = (
				3E4FF71B2B869037008E22DD /* Case3UITests.swift */,
				3E4FF71D2B869037008E22DD /* Case3UITestsLaunchTests.swift */,
			);
			path = Case3UITests;
			sourceTree = "<group>";
		};
		3E4FF72A2B869041008E22DD /* Entities */ = {
			isa = PBXGroup;
			children = (
				3E4FF72F2B8691F6008E22DD /* Transaction.swift */,
				3E4FF7312B8691FF008E22DD /* TransactionDetail.swift */,
				3E4FF7332B86920A008E22DD /* LineChart.swift */,
			);
			path = Entities;
			sourceTree = "<group>";
		};
		3E4FF73B2B869649008E22DD /* HomepageModule */ = {
			isa = PBXGroup;
			children = (
				3E4FF73C2B86965D008E22DD /* HomepageView.swift */,
				3E4FF73E2B869669008E22DD /* HomepageInteractor.swift */,
				3E4FF7402B869678008E22DD /* HomepagePresenter.swift */,
				3E4FF7422B869682008E22DD /* HomepageRouter.swift */,
			);
			path = HomepageModule;
			sourceTree = "<group>";
		};
		3E4FF7442B8696B8008E22DD /* DetailModule */ = {
			isa = PBXGroup;
			children = (
				3E4FF7452B86977B008E22DD /* DetailView.swift */,
				3E4FF7472B869784008E22DD /* DetailInteractor.swift */,
				3E4FF7492B86978E008E22DD /* DetailPresenter.swift */,
				3E4FF74B2B869796008E22DD /* DetailRouter.swift */,
			);
			path = DetailModule;
			sourceTree = "<group>";
		};
		C2ED9AD43D3AFF9E517787FD /* Pods */ = {
			isa = PBXGroup;
			children = (
				5F9D7204A0D57FE75BE24818 /* Pods-Case3.debug.xcconfig */,
				2D6BCBCDDCF33C9991AEE2E7 /* Pods-Case3.release.xcconfig */,
				162618A3722073F0C35AF980 /* Pods-Case3-Case3UITests.debug.xcconfig */,
				60619B0CB6E034DC45A1D733 /* Pods-Case3-Case3UITests.release.xcconfig */,
				E7D5A3893DAC4DC8EE5CA379 /* Pods-Case3Tests.debug.xcconfig */,
				4807BC1D8EEE6583A2C8E64D /* Pods-Case3Tests.release.xcconfig */,
			);
			path = Pods;
			sourceTree = "<group>";
		};
		DA49FF42E005DF4B6243FE6D /* Frameworks */ = {
			isa = PBXGroup;
			children = (
				DFC27A7A6FD2B236832DFD42 /* Pods_Case3.framework */,
				2C2FEE59F2DB529899AAE067 /* Pods_Case3_Case3UITests.framework */,
				20DDB4680623DBC5E1064C84 /* Pods_Case3Tests.framework */,
			);
			name = Frameworks;
			sourceTree = "<group>";
		};
/* End PBXGroup section */

/* Begin PBXNativeTarget section */
		3E4FF6F62B869036008E22DD /* Case3 */ = {
			isa = PBXNativeTarget;
			buildConfigurationList = 3E4FF7212B869037008E22DD /* Build configuration list for PBXNativeTarget "Case3" */;
			buildPhases = (
				50ADA6170D11D12630AAFDD0 /* [CP] Check Pods Manifest.lock */,
				3E4FF6F32B869036008E22DD /* Sources */,
				3E4FF6F42B869036008E22DD /* Frameworks */,
				3E4FF6F52B869036008E22DD /* Resources */,
				04020C976C2BCA2011E0079C /* [CP] Embed Pods Frameworks */,
			);
			buildRules = (
			);
			dependencies = (
			);
			name = Case3;
			productName = Case3;
			productReference = 3E4FF6F72B869036008E22DD /* Case3.app */;
			productType = "com.apple.product-type.application";
		};
		3E4FF70C2B869037008E22DD /* Case3Tests */ = {
			isa = PBXNativeTarget;
			buildConfigurationList = 3E4FF7242B869037008E22DD /* Build configuration list for PBXNativeTarget "Case3Tests" */;
			buildPhases = (
				FC0BB859F4757D85E77BD507 /* [CP] Check Pods Manifest.lock */,
				3E4FF7092B869037008E22DD /* Sources */,
				3E4FF70A2B869037008E22DD /* Frameworks */,
				3E4FF70B2B869037008E22DD /* Resources */,
			);
			buildRules = (
			);
			dependencies = (
				3E4FF70F2B869037008E22DD /* PBXTargetDependency */,
			);
			name = Case3Tests;
			productName = Case3Tests;
			productReference = 3E4FF70D2B869037008E22DD /* Case3Tests.xctest */;
			productType = "com.apple.product-type.bundle.unit-test";
		};
		3E4FF7162B869037008E22DD /* Case3UITests */ = {
			isa = PBXNativeTarget;
			buildConfigurationList = 3E4FF7272B869037008E22DD /* Build configuration list for PBXNativeTarget "Case3UITests" */;
			buildPhases = (
				9372A4146E072F71DCC40D56 /* [CP] Check Pods Manifest.lock */,
				3E4FF7132B869037008E22DD /* Sources */,
				3E4FF7142B869037008E22DD /* Frameworks */,
				3E4FF7152B869037008E22DD /* Resources */,
				3958E73DE02B78338DCD0936 /* [CP] Embed Pods Frameworks */,
			);
			buildRules = (
			);
			dependencies = (
				3E4FF7192B869037008E22DD /* PBXTargetDependency */,
			);
			name = Case3UITests;
			productName = Case3UITests;
			productReference = 3E4FF7172B869037008E22DD /* Case3UITests.xctest */;
			productType = "com.apple.product-type.bundle.ui-testing";
		};
/* End PBXNativeTarget section */

/* Begin PBXProject section */
		3E4FF6EF2B869036008E22DD /* Project object */ = {
			isa = PBXProject;
			attributes = {
				BuildIndependentTargetsInParallel = 1;
				LastSwiftUpdateCheck = 1430;
				LastUpgradeCheck = 1430;
				TargetAttributes = {
					3E4FF6F62B869036008E22DD = {
						CreatedOnToolsVersion = 14.3;
					};
					3E4FF70C2B869037008E22DD = {
						CreatedOnToolsVersion = 14.3;
						TestTargetID = 3E4FF6F62B869036008E22DD;
					};
					3E4FF7162B869037008E22DD = {
						CreatedOnToolsVersion = 14.3;
						TestTargetID = 3E4FF6F62B869036008E22DD;
					};
				};
			};
			buildConfigurationList = 3E4FF6F22B869036008E22DD /* Build configuration list for PBXProject "Case3" */;
			compatibilityVersion = "Xcode 14.0";
			developmentRegion = en;
			hasScannedForEncodings = 0;
			knownRegions = (
				en,
				Base,
			);
			mainGroup = 3E4FF6EE2B869036008E22DD;
			productRefGroup = 3E4FF6F82B869036008E22DD /* Products */;
			projectDirPath = "";
			projectRoot = "";
			targets = (
				3E4FF6F62B869036008E22DD /* Case3 */,
				3E4FF70C2B869037008E22DD /* Case3Tests */,
				3E4FF7162B869037008E22DD /* Case3UITests */,
			);
		};
/* End PBXProject section */

/* Begin PBXResourcesBuildPhase section */
		3E4FF6F52B869036008E22DD /* Resources */ = {
			isa = PBXResourcesBuildPhase;
			buildActionMask = 2147483647;
			files = (
				3E4FF7072B869037008E22DD /* LaunchScreen.storyboard in Resources */,
				3E4FF72E2B8691B7008E22DD /* staticData.json in Resources */,
				3E4FF7382B8695AF008E22DD /* staticMonth.json in Resources */,
				3E4FF7042B869037008E22DD /* Assets.xcassets in Resources */,
			);
			runOnlyForDeploymentPostprocessing = 0;
		};
		3E4FF70B2B869037008E22DD /* Resources */ = {
			isa = PBXResourcesBuildPhase;
			buildActionMask = 2147483647;
			files = (
			);
			runOnlyForDeploymentPostprocessing = 0;
		};
		3E4FF7152B869037008E22DD /* Resources */ = {
			isa = PBXResourcesBuildPhase;
			buildActionMask = 2147483647;
			files = (
			);
			runOnlyForDeploymentPostprocessing = 0;
		};
/* End PBXResourcesBuildPhase section */

/* Begin PBXShellScriptBuildPhase section */
		04020C976C2BCA2011E0079C /* [CP] Embed Pods Frameworks */ = {
			isa = PBXShellScriptBuildPhase;
			buildActionMask = 2147483647;
			files = (
			);
			inputFileListPaths = (
				"${PODS_ROOT}/Target Support Files/Pods-Case3/Pods-Case3-frameworks-${CONFIGURATION}-input-files.xcfilelist",
			);
			name = "[CP] Embed Pods Frameworks";
			outputFileListPaths = (
				"${PODS_ROOT}/Target Support Files/Pods-Case3/Pods-Case3-frameworks-${CONFIGURATION}-output-files.xcfilelist",
			);
			runOnlyForDeploymentPostprocessing = 0;
			shellPath = /bin/sh;
			shellScript = "\"${PODS_ROOT}/Target Support Files/Pods-Case3/Pods-Case3-frameworks.sh\"\n";
			showEnvVarsInLog = 0;
		};
		3958E73DE02B78338DCD0936 /* [CP] Embed Pods Frameworks */ = {
			isa = PBXShellScriptBuildPhase;
			buildActionMask = 2147483647;
			files = (
			);
			inputFileListPaths = (
				"${PODS_ROOT}/Target Support Files/Pods-Case3-Case3UITests/Pods-Case3-Case3UITests-frameworks-${CONFIGURATION}-input-files.xcfilelist",
			);
			name = "[CP] Embed Pods Frameworks";
			outputFileListPaths = (
				"${PODS_ROOT}/Target Support Files/Pods-Case3-Case3UITests/Pods-Case3-Case3UITests-frameworks-${CONFIGURATION}-output-files.xcfilelist",
			);
			runOnlyForDeploymentPostprocessing = 0;
			shellPath = /bin/sh;
			shellScript = "\"${PODS_ROOT}/Target Support Files/Pods-Case3-Case3UITests/Pods-Case3-Case3UITests-frameworks.sh\"\n";
			showEnvVarsInLog = 0;
		};
		50ADA6170D11D12630AAFDD0 /* [CP] Check Pods Manifest.lock */ = {
			isa = PBXShellScriptBuildPhase;
			buildActionMask = 2147483647;
			files = (
			);
			inputFileListPaths = (
			);
			inputPaths = (
				"${PODS_PODFILE_DIR_PATH}/Podfile.lock",
				"${PODS_ROOT}/Manifest.lock",
			);
			name = "[CP] Check Pods Manifest.lock";
			outputFileListPaths = (
			);
			outputPaths = (
				"$(DERIVED_FILE_DIR)/Pods-Case3-checkManifestLockResult.txt",
			);
			runOnlyForDeploymentPostprocessing = 0;
			shellPath = /bin/sh;
			shellScript = "diff \"${PODS_PODFILE_DIR_PATH}/Podfile.lock\" \"${PODS_ROOT}/Manifest.lock\" > /dev/null\nif [ $? != 0 ] ; then\n    # print error to STDERR\n    echo \"error: The sandbox is not in sync with the Podfile.lock. Run 'pod install' or update your CocoaPods installation.\" >&2\n    exit 1\nfi\n# This output is used by Xcode 'outputs' to avoid re-running this script phase.\necho \"SUCCESS\" > \"${SCRIPT_OUTPUT_FILE_0}\"\n";
			showEnvVarsInLog = 0;
		};
		9372A4146E072F71DCC40D56 /* [CP] Check Pods Manifest.lock */ = {
			isa = PBXShellScriptBuildPhase;
			buildActionMask = 2147483647;
			files = (
			);
			inputFileListPaths = (
			);
			inputPaths = (
				"${PODS_PODFILE_DIR_PATH}/Podfile.lock",
				"${PODS_ROOT}/Manifest.lock",
			);
			name = "[CP] Check Pods Manifest.lock";
			outputFileListPaths = (
			);
			outputPaths = (
				"$(DERIVED_FILE_DIR)/Pods-Case3-Case3UITests-checkManifestLockResult.txt",
			);
			runOnlyForDeploymentPostprocessing = 0;
			shellPath = /bin/sh;
			shellScript = "diff \"${PODS_PODFILE_DIR_PATH}/Podfile.lock\" \"${PODS_ROOT}/Manifest.lock\" > /dev/null\nif [ $? != 0 ] ; then\n    # print error to STDERR\n    echo \"error: The sandbox is not in sync with the Podfile.lock. Run 'pod install' or update your CocoaPods installation.\" >&2\n    exit 1\nfi\n# This output is used by Xcode 'outputs' to avoid re-running this script phase.\necho \"SUCCESS\" > \"${SCRIPT_OUTPUT_FILE_0}\"\n";
			showEnvVarsInLog = 0;
		};
		FC0BB859F4757D85E77BD507 /* [CP] Check Pods Manifest.lock */ = {
			isa = PBXShellScriptBuildPhase;
			buildActionMask = 2147483647;
			files = (
			);
			inputFileListPaths = (
			);
			inputPaths = (
				"${PODS_PODFILE_DIR_PATH}/Podfile.lock",
				"${PODS_ROOT}/Manifest.lock",
			);
			name = "[CP] Check Pods Manifest.lock";
			outputFileListPaths = (
			);
			outputPaths = (
				"$(DERIVED_FILE_DIR)/Pods-Case3Tests-checkManifestLockResult.txt",
			);
			runOnlyForDeploymentPostprocessing = 0;
			shellPath = /bin/sh;
			shellScript = "diff \"${PODS_PODFILE_DIR_PATH}/Podfile.lock\" \"${PODS_ROOT}/Manifest.lock\" > /dev/null\nif [ $? != 0 ] ; then\n    # print error to STDERR\n    echo \"error: The sandbox is not in sync with the Podfile.lock. Run 'pod install' or update your CocoaPods installation.\" >&2\n    exit 1\nfi\n# This output is used by Xcode 'outputs' to avoid re-running this script phase.\necho \"SUCCESS\" > \"${SCRIPT_OUTPUT_FILE_0}\"\n";
			showEnvVarsInLog = 0;
		};
/* End PBXShellScriptBuildPhase section */

/* Begin PBXSourcesBuildPhase section */
		3E4FF6F32B869036008E22DD /* Sources */ = {
			isa = PBXSourcesBuildPhase;
			buildActionMask = 2147483647;
			files = (
				3E4FF6FF2B869036008E22DD /* ViewController.swift in Sources */,
				3E4FF7412B869678008E22DD /* HomepagePresenter.swift in Sources */,
				3E4FF6FB2B869036008E22DD /* AppDelegate.swift in Sources */,
				3E4FF7482B869784008E22DD /* DetailInteractor.swift in Sources */,
				3E4FF7342B86920A008E22DD /* LineChart.swift in Sources */,
				3E4FF74C2B869796008E22DD /* DetailRouter.swift in Sources */,
				3E4FF7432B869682008E22DD /* HomepageRouter.swift in Sources */,
				3E4FF7462B86977B008E22DD /* DetailView.swift in Sources */,
				3E4FF7302B8691F6008E22DD /* Transaction.swift in Sources */,
				3E4FF73F2B869669008E22DD /* HomepageInteractor.swift in Sources */,
				3E4FF6FD2B869036008E22DD /* SceneDelegate.swift in Sources */,
				3E4FF74A2B86978E008E22DD /* DetailPresenter.swift in Sources */,
				3E4FF73D2B86965D008E22DD /* HomepageView.swift in Sources */,
				3E4FF7322B8691FF008E22DD /* TransactionDetail.swift in Sources */,
			);
			runOnlyForDeploymentPostprocessing = 0;
		};
		3E4FF7092B869037008E22DD /* Sources */ = {
			isa = PBXSourcesBuildPhase;
			buildActionMask = 2147483647;
			files = (
				3E4FF7122B869037008E22DD /* Case3Tests.swift in Sources */,
			);
			runOnlyForDeploymentPostprocessing = 0;
		};
		3E4FF7132B869037008E22DD /* Sources */ = {
			isa = PBXSourcesBuildPhase;
			buildActionMask = 2147483647;
			files = (
				3E4FF71E2B869037008E22DD /* Case3UITestsLaunchTests.swift in Sources */,
				3E4FF71C2B869037008E22DD /* Case3UITests.swift in Sources */,
			);
			runOnlyForDeploymentPostprocessing = 0;
		};
/* End PBXSourcesBuildPhase section */

/* Begin PBXTargetDependency section */
		3E4FF70F2B869037008E22DD /* PBXTargetDependency */ = {
			isa = PBXTargetDependency;
			target = 3E4FF6F62B869036008E22DD /* Case3 */;
			targetProxy = 3E4FF70E2B869037008E22DD /* PBXContainerItemProxy */;
		};
		3E4FF7192B869037008E22DD /* PBXTargetDependency */ = {
			isa = PBXTargetDependency;
			target = 3E4FF6F62B869036008E22DD /* Case3 */;
			targetProxy = 3E4FF7182B869037008E22DD /* PBXContainerItemProxy */;
		};
/* End PBXTargetDependency section */

/* Begin PBXVariantGroup section */
		3E4FF7052B869037008E22DD /* LaunchScreen.storyboard */ = {
			isa = PBXVariantGroup;
			children = (
				3E4FF7062B869037008E22DD /* Base */,
			);
			name = LaunchScreen.storyboard;
			sourceTree = "<group>";
		};
/* End PBXVariantGroup section */

/* Begin XCBuildConfiguration section */
		3E4FF71F2B869037008E22DD /* Debug */ = {
			isa = XCBuildConfiguration;
			buildSettings = {
				ALWAYS_SEARCH_USER_PATHS = NO;
				CLANG_ANALYZER_NONNULL = YES;
				CLANG_ANALYZER_NUMBER_OBJECT_CONVERSION = YES_AGGRESSIVE;
				CLANG_CXX_LANGUAGE_STANDARD = "gnu++20";
				CLANG_ENABLE_MODULES = YES;
				CLANG_ENABLE_OBJC_ARC = YES;
				CLANG_ENABLE_OBJC_WEAK = YES;
				CLANG_WARN_BLOCK_CAPTURE_AUTORELEASING = YES;
				CLANG_WARN_BOOL_CONVERSION = YES;
				CLANG_WARN_COMMA = YES;
				CLANG_WARN_CONSTANT_CONVERSION = YES;
				CLANG_WARN_DEPRECATED_OBJC_IMPLEMENTATIONS = YES;
				CLANG_WARN_DIRECT_OBJC_ISA_USAGE = YES_ERROR;
				CLANG_WARN_DOCUMENTATION_COMMENTS = YES;
				CLANG_WARN_EMPTY_BODY = YES;
				CLANG_WARN_ENUM_CONVERSION = YES;
				CLANG_WARN_INFINITE_RECURSION = YES;
				CLANG_WARN_INT_CONVERSION = YES;
				CLANG_WARN_NON_LITERAL_NULL_CONVERSION = YES;
				CLANG_WARN_OBJC_IMPLICIT_RETAIN_SELF = YES;
				CLANG_WARN_OBJC_LITERAL_CONVERSION = YES;
				CLANG_WARN_OBJC_ROOT_CLASS = YES_ERROR;
				CLANG_WARN_QUOTED_INCLUDE_IN_FRAMEWORK_HEADER = YES;
				CLANG_WARN_RANGE_LOOP_ANALYSIS = YES;
				CLANG_WARN_STRICT_PROTOTYPES = YES;
				CLANG_WARN_SUSPICIOUS_MOVE = YES;
				CLANG_WARN_UNGUARDED_AVAILABILITY = YES_AGGRESSIVE;
				CLANG_WARN_UNREACHABLE_CODE = YES;
				CLANG_WARN__DUPLICATE_METHOD_MATCH = YES;
				COPY_PHASE_STRIP = NO;
				DEBUG_INFORMATION_FORMAT = dwarf;
				ENABLE_STRICT_OBJC_MSGSEND = YES;
				ENABLE_TESTABILITY = YES;
				GCC_C_LANGUAGE_STANDARD = gnu11;
				GCC_DYNAMIC_NO_PIC = NO;
				GCC_NO_COMMON_BLOCKS = YES;
				GCC_OPTIMIZATION_LEVEL = 0;
				GCC_PREPROCESSOR_DEFINITIONS = (
					"DEBUG=1",
					"$(inherited)",
				);
				GCC_WARN_64_TO_32_BIT_CONVERSION = YES;
				GCC_WARN_ABOUT_RETURN_TYPE = YES_ERROR;
				GCC_WARN_UNDECLARED_SELECTOR = YES;
				GCC_WARN_UNINITIALIZED_AUTOS = YES_AGGRESSIVE;
				GCC_WARN_UNUSED_FUNCTION = YES;
				GCC_WARN_UNUSED_VARIABLE = YES;
				IPHONEOS_DEPLOYMENT_TARGET = 16.4;
				MTL_ENABLE_DEBUG_INFO = INCLUDE_SOURCE;
				MTL_FAST_MATH = YES;
				ONLY_ACTIVE_ARCH = YES;
				SDKROOT = iphoneos;
				SWIFT_ACTIVE_COMPILATION_CONDITIONS = DEBUG;
				SWIFT_OPTIMIZATION_LEVEL = "-Onone";
			};
			name = Debug;
		};
		3E4FF7202B869037008E22DD /* Release */ = {
			isa = XCBuildConfiguration;
			buildSettings = {
				ALWAYS_SEARCH_USER_PATHS = NO;
				CLANG_ANALYZER_NONNULL = YES;
				CLANG_ANALYZER_NUMBER_OBJECT_CONVERSION = YES_AGGRESSIVE;
				CLANG_CXX_LANGUAGE_STANDARD = "gnu++20";
				CLANG_ENABLE_MODULES = YES;
				CLANG_ENABLE_OBJC_ARC = YES;
				CLANG_ENABLE_OBJC_WEAK = YES;
				CLANG_WARN_BLOCK_CAPTURE_AUTORELEASING = YES;
				CLANG_WARN_BOOL_CONVERSION = YES;
				CLANG_WARN_COMMA = YES;
				CLANG_WARN_CONSTANT_CONVERSION = YES;
				CLANG_WARN_DEPRECATED_OBJC_IMPLEMENTATIONS = YES;
				CLANG_WARN_DIRECT_OBJC_ISA_USAGE = YES_ERROR;
				CLANG_WARN_DOCUMENTATION_COMMENTS = YES;
				CLANG_WARN_EMPTY_BODY = YES;
				CLANG_WARN_ENUM_CONVERSION = YES;
				CLANG_WARN_INFINITE_RECURSION = YES;
				CLANG_WARN_INT_CONVERSION = YES;
				CLANG_WARN_NON_LITERAL_NULL_CONVERSION = YES;
				CLANG_WARN_OBJC_IMPLICIT_RETAIN_SELF = YES;
				CLANG_WARN_OBJC_LITERAL_CONVERSION = YES;
				CLANG_WARN_OBJC_ROOT_CLASS = YES_ERROR;
				CLANG_WARN_QUOTED_INCLUDE_IN_FRAMEWORK_HEADER = YES;
				CLANG_WARN_RANGE_LOOP_ANALYSIS = YES;
				CLANG_WARN_STRICT_PROTOTYPES = YES;
				CLANG_WARN_SUSPICIOUS_MOVE = YES;
				CLANG_WARN_UNGUARDED_AVAILABILITY = YES_AGGRESSIVE;
				CLANG_WARN_UNREACHABLE_CODE = YES;
				CLANG_WARN__DUPLICATE_METHOD_MATCH = YES;
				COPY_PHASE_STRIP = NO;
				DEBUG_INFORMATION_FORMAT = "dwarf-with-dsym";
				ENABLE_NS_ASSERTIONS = NO;
				ENABLE_STRICT_OBJC_MSGSEND = YES;
				GCC_C_LANGUAGE_STANDARD = gnu11;
				GCC_NO_COMMON_BLOCKS = YES;
				GCC_WARN_64_TO_32_BIT_CONVERSION = YES;
				GCC_WARN_ABOUT_RETURN_TYPE = YES_ERROR;
				GCC_WARN_UNDECLARED_SELECTOR = YES;
				GCC_WARN_UNINITIALIZED_AUTOS = YES_AGGRESSIVE;
				GCC_WARN_UNUSED_FUNCTION = YES;
				GCC_WARN_UNUSED_VARIABLE = YES;
				IPHONEOS_DEPLOYMENT_TARGET = 16.4;
				MTL_ENABLE_DEBUG_INFO = NO;
				MTL_FAST_MATH = YES;
				SDKROOT = iphoneos;
				SWIFT_COMPILATION_MODE = wholemodule;
				SWIFT_OPTIMIZATION_LEVEL = "-O";
				VALIDATE_PRODUCT = YES;
			};
			name = Release;
		};
		3E4FF7222B869037008E22DD /* Debug */ = {
			isa = XCBuildConfiguration;
			baseConfigurationReference = 5F9D7204A0D57FE75BE24818 /* Pods-Case3.debug.xcconfig */;
			buildSettings = {
				ASSETCATALOG_COMPILER_APPICON_NAME = AppIcon;
				ASSETCATALOG_COMPILER_GLOBAL_ACCENT_COLOR_NAME = AccentColor;
				CODE_SIGN_STYLE = Automatic;
				CURRENT_PROJECT_VERSION = 1;
				DEVELOPMENT_TEAM = QT6B66A8Y8;
				GENERATE_INFOPLIST_FILE = YES;
				INFOPLIST_FILE = Case3/Info.plist;
				INFOPLIST_KEY_UIApplicationSupportsIndirectInputEvents = YES;
				INFOPLIST_KEY_UILaunchStoryboardName = LaunchScreen;
				INFOPLIST_KEY_UISupportedInterfaceOrientations_iPad = "UIInterfaceOrientationPortrait UIInterfaceOrientationPortraitUpsideDown UIInterfaceOrientationLandscapeLeft UIInterfaceOrientationLandscapeRight";
				INFOPLIST_KEY_UISupportedInterfaceOrientations_iPhone = "UIInterfaceOrientationPortrait UIInterfaceOrientationLandscapeLeft UIInterfaceOrientationLandscapeRight";
				LD_RUNPATH_SEARCH_PATHS = (
					"$(inherited)",
					"@executable_path/Frameworks",
				);
				MARKETING_VERSION = 1.0;
				PRODUCT_BUNDLE_IDENTIFIER = com.aldimahotma.Case3;
				PRODUCT_NAME = "$(TARGET_NAME)";
				SWIFT_EMIT_LOC_STRINGS = YES;
				SWIFT_VERSION = 5.0;
				TARGETED_DEVICE_FAMILY = "1,2";
			};
			name = Debug;
		};
		3E4FF7232B869037008E22DD /* Release */ = {
			isa = XCBuildConfiguration;
			baseConfigurationReference = 2D6BCBCDDCF33C9991AEE2E7 /* Pods-Case3.release.xcconfig */;
			buildSettings = {
				ASSETCATALOG_COMPILER_APPICON_NAME = AppIcon;
				ASSETCATALOG_COMPILER_GLOBAL_ACCENT_COLOR_NAME = AccentColor;
				CODE_SIGN_STYLE = Automatic;
				CURRENT_PROJECT_VERSION = 1;
				DEVELOPMENT_TEAM = QT6B66A8Y8;
				GENERATE_INFOPLIST_FILE = YES;
				INFOPLIST_FILE = Case3/Info.plist;
				INFOPLIST_KEY_UIApplicationSupportsIndirectInputEvents = YES;
				INFOPLIST_KEY_UILaunchStoryboardName = LaunchScreen;
				INFOPLIST_KEY_UISupportedInterfaceOrientations_iPad = "UIInterfaceOrientationPortrait UIInterfaceOrientationPortraitUpsideDown UIInterfaceOrientationLandscapeLeft UIInterfaceOrientationLandscapeRight";
				INFOPLIST_KEY_UISupportedInterfaceOrientations_iPhone = "UIInterfaceOrientationPortrait UIInterfaceOrientationLandscapeLeft UIInterfaceOrientationLandscapeRight";
				LD_RUNPATH_SEARCH_PATHS = (
					"$(inherited)",
					"@executable_path/Frameworks",
				);
				MARKETING_VERSION = 1.0;
				PRODUCT_BUNDLE_IDENTIFIER = com.aldimahotma.Case3;
				PRODUCT_NAME = "$(TARGET_NAME)";
				SWIFT_EMIT_LOC_STRINGS = YES;
				SWIFT_VERSION = 5.0;
				TARGETED_DEVICE_FAMILY = "1,2";
			};
			name = Release;
		};
		3E4FF7252B869037008E22DD /* Debug */ = {
			isa = XCBuildConfiguration;
			baseConfigurationReference = E7D5A3893DAC4DC8EE5CA379 /* Pods-Case3Tests.debug.xcconfig */;
			buildSettings = {
				ALWAYS_EMBED_SWIFT_STANDARD_LIBRARIES = YES;
				BUNDLE_LOADER = "$(TEST_HOST)";
				CODE_SIGN_STYLE = Automatic;
				CURRENT_PROJECT_VERSION = 1;
				DEVELOPMENT_TEAM = QT6B66A8Y8;
				GENERATE_INFOPLIST_FILE = YES;
				IPHONEOS_DEPLOYMENT_TARGET = 16.4;
				MARKETING_VERSION = 1.0;
				PRODUCT_BUNDLE_IDENTIFIER = com.aldimahotma.Case3Tests;
				PRODUCT_NAME = "$(TARGET_NAME)";
				SWIFT_EMIT_LOC_STRINGS = NO;
				SWIFT_VERSION = 5.0;
				TARGETED_DEVICE_FAMILY = "1,2";
				TEST_HOST = "$(BUILT_PRODUCTS_DIR)/Case3.app/$(BUNDLE_EXECUTABLE_FOLDER_PATH)/Case3";
			};
			name = Debug;
		};
		3E4FF7262B869037008E22DD /* Release */ = {
			isa = XCBuildConfiguration;
			baseConfigurationReference = 4807BC1D8EEE6583A2C8E64D /* Pods-Case3Tests.release.xcconfig */;
			buildSettings = {
				ALWAYS_EMBED_SWIFT_STANDARD_LIBRARIES = YES;
				BUNDLE_LOADER = "$(TEST_HOST)";
				CODE_SIGN_STYLE = Automatic;
				CURRENT_PROJECT_VERSION = 1;
				DEVELOPMENT_TEAM = QT6B66A8Y8;
				GENERATE_INFOPLIST_FILE = YES;
				IPHONEOS_DEPLOYMENT_TARGET = 16.4;
				MARKETING_VERSION = 1.0;
				PRODUCT_BUNDLE_IDENTIFIER = com.aldimahotma.Case3Tests;
				PRODUCT_NAME = "$(TARGET_NAME)";
				SWIFT_EMIT_LOC_STRINGS = NO;
				SWIFT_VERSION = 5.0;
				TARGETED_DEVICE_FAMILY = "1,2";
				TEST_HOST = "$(BUILT_PRODUCTS_DIR)/Case3.app/$(BUNDLE_EXECUTABLE_FOLDER_PATH)/Case3";
			};
			name = Release;
		};
		3E4FF7282B869037008E22DD /* Debug */ = {
			isa = XCBuildConfiguration;
			baseConfigurationReference = 162618A3722073F0C35AF980 /* Pods-Case3-Case3UITests.debug.xcconfig */;
			buildSettings = {
				ALWAYS_EMBED_SWIFT_STANDARD_LIBRARIES = YES;
				CODE_SIGN_STYLE = Automatic;
				CURRENT_PROJECT_VERSION = 1;
				DEVELOPMENT_TEAM = QT6B66A8Y8;
				GENERATE_INFOPLIST_FILE = YES;
				MARKETING_VERSION = 1.0;
				PRODUCT_BUNDLE_IDENTIFIER = com.aldimahotma.Case3UITests;
				PRODUCT_NAME = "$(TARGET_NAME)";
				SWIFT_EMIT_LOC_STRINGS = NO;
				SWIFT_VERSION = 5.0;
				TARGETED_DEVICE_FAMILY = "1,2";
				TEST_TARGET_NAME = Case3;
			};
			name = Debug;
		};
		3E4FF7292B869037008E22DD /* Release */ = {
			isa = XCBuildConfiguration;
			baseConfigurationReference = 60619B0CB6E034DC45A1D733 /* Pods-Case3-Case3UITests.release.xcconfig */;
			buildSettings = {
				ALWAYS_EMBED_SWIFT_STANDARD_LIBRARIES = YES;
				CODE_SIGN_STYLE = Automatic;
				CURRENT_PROJECT_VERSION = 1;
				DEVELOPMENT_TEAM = QT6B66A8Y8;
				GENERATE_INFOPLIST_FILE = YES;
				MARKETING_VERSION = 1.0;
				PRODUCT_BUNDLE_IDENTIFIER = com.aldimahotma.Case3UITests;
				PRODUCT_NAME = "$(TARGET_NAME)";
				SWIFT_EMIT_LOC_STRINGS = NO;
				SWIFT_VERSION = 5.0;
				TARGETED_DEVICE_FAMILY = "1,2";
				TEST_TARGET_NAME = Case3;
			};
			name = Release;
		};
/* End XCBuildConfiguration section */

/* Begin XCConfigurationList section */
		3E4FF6F22B869036008E22DD /* Build configuration list for PBXProject "Case3" */ = {
			isa = XCConfigurationList;
			buildConfigurations = (
				3E4FF71F2B869037008E22DD /* Debug */,
				3E4FF7202B869037008E22DD /* Release */,
			);
			defaultConfigurationIsVisible = 0;
			defaultConfigurationName = Release;
		};
		3E4FF7212B869037008E22DD /* Build configuration list for PBXNativeTarget "Case3" */ = {
			isa = XCConfigurationList;
			buildConfigurations = (
				3E4FF7222B869037008E22DD /* Debug */,
				3E4FF7232B869037008E22DD /* Release */,
			);
			defaultConfigurationIsVisible = 0;
			defaultConfigurationName = Release;
		};
		3E4FF7242B869037008E22DD /* Build configuration list for PBXNativeTarget "Case3Tests" */ = {
			isa = XCConfigurationList;
			buildConfigurations = (
				3E4FF7252B869037008E22DD /* Debug */,
				3E4FF7262B869037008E22DD /* Release */,
			);
			defaultConfigurationIsVisible = 0;
			defaultConfigurationName = Release;
		};
		3E4FF7272B869037008E22DD /* Build configuration list for PBXNativeTarget "Case3UITests" */ = {
			isa = XCConfigurationList;
			buildConfigurations = (
				3E4FF7282B869037008E22DD /* Debug */,
				3E4FF7292B869037008E22DD /* Release */,
			);
			defaultConfigurationIsVisible = 0;
			defaultConfigurationName = Release;
		};
/* End XCConfigurationList section */
	};
	rootObject = 3E4FF6EF2B869036008E22DD /* Project object */;
}
