// !$*UTF8*$!
{
	archiveVersion = 1;
	classes = {
	};
	objectVersion = 56;
	objects = {

/* Begin PBXBuildFile section */
		19842765211EF5595E3EEBE9 /* Pods_Case4Tests.framework in Frameworks */ = {isa = PBXBuildFile; fileRef = D82B6953691438F51B0F8560 /* Pods_Case4Tests.framework */; };
		1F575B0082BF76E961D028A7 /* Pods_Case4_Case4UITests.framework in Frameworks */ = {isa = PBXBuildFile; fileRef = 156951A2C8251D40BE4E7CE1 /* Pods_Case4_Case4UITests.framework */; };
		3672841F119907361FEA0F50 /* Pods_Case4.framework in Frameworks */ = {isa = PBXBuildFile; fileRef = 14F03AE23831BDBAF5C313C3 /* Pods_Case4.framework */; };
		3E43B0622B86F32A003FD9C8 /* AppDelegate.swift in Sources */ = {isa = PBXBuildFile; fileRef = 3E43B0612B86F32A003FD9C8 /* AppDelegate.swift */; };
		3E43B0642B86F32A003FD9C8 /* SceneDelegate.swift in Sources */ = {isa = PBXBuildFile; fileRef = 3E43B0632B86F32A003FD9C8 /* SceneDelegate.swift */; };
		3E43B0662B86F32A003FD9C8 /* ViewController.swift in Sources */ = {isa = PBXBuildFile; fileRef = 3E43B0652B86F32A003FD9C8 /* ViewController.swift */; };
		3E43B06B2B86F32A003FD9C8 /* Assets.xcassets in Resources */ = {isa = PBXBuildFile; fileRef = 3E43B06A2B86F32A003FD9C8 /* Assets.xcassets */; };
		3E43B06E2B86F32A003FD9C8 /* LaunchScreen.storyboard in Resources */ = {isa = PBXBuildFile; fileRef = 3E43B06C2B86F32A003FD9C8 /* LaunchScreen.storyboard */; };
		3E43B0792B86F32A003FD9C8 /* Case4Tests.swift in Sources */ = {isa = PBXBuildFile; fileRef = 3E43B0782B86F32A003FD9C8 /* Case4Tests.swift */; };
		3E43B0832B86F32A003FD9C8 /* Case4UITests.swift in Sources */ = {isa = PBXBuildFile; fileRef = 3E43B0822B86F32A003FD9C8 /* Case4UITests.swift */; };
		3E43B0852B86F32A003FD9C8 /* Case4UITestsLaunchTests.swift in Sources */ = {isa = PBXBuildFile; fileRef = 3E43B0842B86F32A003FD9C8 /* Case4UITestsLaunchTests.swift */; };
		3ED604B42B8715DB003EAB9F /* GoogleService-Info.plist in Resources */ = {isa = PBXBuildFile; fileRef = 3ED604B32B8715DB003EAB9F /* GoogleService-Info.plist */; };
		3ED604B92B87228E003EAB9F /* HomeView.swift in Sources */ = {isa = PBXBuildFile; fileRef = 3ED604B82B87228E003EAB9F /* HomeView.swift */; };
		3ED604BB2B87229E003EAB9F /* HomeInteractor.swift in Sources */ = {isa = PBXBuildFile; fileRef = 3ED604BA2B87229E003EAB9F /* HomeInteractor.swift */; };
		3ED604BD2B8722A9003EAB9F /* HomePresenter.swift in Sources */ = {isa = PBXBuildFile; fileRef = 3ED604BC2B8722A9003EAB9F /* HomePresenter.swift */; };
		3ED604BF2B8722B1003EAB9F /* HomeRouter.swift in Sources */ = {isa = PBXBuildFile; fileRef = 3ED604BE2B8722B1003EAB9F /* HomeRouter.swift */; };
/* End PBXBuildFile section */

/* Begin PBXContainerItemProxy section */
		3E43B0752B86F32A003FD9C8 /* PBXContainerItemProxy */ = {
			isa = PBXContainerItemProxy;
			containerPortal = 3E43B0562B86F32A003FD9C8 /* Project object */;
			proxyType = 1;
			remoteGlobalIDString = 3E43B05D2B86F32A003FD9C8;
			remoteInfo = Case4;
		};
		3E43B07F2B86F32A003FD9C8 /* PBXContainerItemProxy */ = {
			isa = PBXContainerItemProxy;
			containerPortal = 3E43B0562B86F32A003FD9C8 /* Project object */;
			proxyType = 1;
			remoteGlobalIDString = 3E43B05D2B86F32A003FD9C8;
			remoteInfo = Case4;
		};
/* End PBXContainerItemProxy section */

/* Begin PBXFileReference section */
		14F03AE23831BDBAF5C313C3 /* Pods_Case4.framework */ = {isa = PBXFileReference; explicitFileType = wrapper.framework; includeInIndex = 0; path = Pods_Case4.framework; sourceTree = BUILT_PRODUCTS_DIR; };
		156951A2C8251D40BE4E7CE1 /* Pods_Case4_Case4UITests.framework */ = {isa = PBXFileReference; explicitFileType = wrapper.framework; includeInIndex = 0; path = Pods_Case4_Case4UITests.framework; sourceTree = BUILT_PRODUCTS_DIR; };
		213A3287BA94297E3735A8A0 /* Pods-Case4Tests.release.xcconfig */ = {isa = PBXFileReference; includeInIndex = 1; lastKnownFileType = text.xcconfig; name = "Pods-Case4Tests.release.xcconfig"; path = "Target Support Files/Pods-Case4Tests/Pods-Case4Tests.release.xcconfig"; sourceTree = "<group>"; };
		28747982AFC3B2A383C5941C /* Pods-Case4Tests.debug.xcconfig */ = {isa = PBXFileReference; includeInIndex = 1; lastKnownFileType = text.xcconfig; name = "Pods-Case4Tests.debug.xcconfig"; path = "Target Support Files/Pods-Case4Tests/Pods-Case4Tests.debug.xcconfig"; sourceTree = "<group>"; };
		3E43B05E2B86F32A003FD9C8 /* Case4.app */ = {isa = PBXFileReference; explicitFileType = wrapper.application; includeInIndex = 0; path = Case4.app; sourceTree = BUILT_PRODUCTS_DIR; };
		3E43B0612B86F32A003FD9C8 /* AppDelegate.swift */ = {isa = PBXFileReference; lastKnownFileType = sourcecode.swift; path = AppDelegate.swift; sourceTree = "<group>"; };
		3E43B0632B86F32A003FD9C8 /* SceneDelegate.swift */ = {isa = PBXFileReference; lastKnownFileType = sourcecode.swift; path = SceneDelegate.swift; sourceTree = "<group>"; };
		3E43B0652B86F32A003FD9C8 /* ViewController.swift */ = {isa = PBXFileReference; lastKnownFileType = sourcecode.swift; path = ViewController.swift; sourceTree = "<group>"; };
		3E43B06A2B86F32A003FD9C8 /* Assets.xcassets */ = {isa = PBXFileReference; lastKnownFileType = folder.assetcatalog; path = Assets.xcassets; sourceTree = "<group>"; };
		3E43B06D2B86F32A003FD9C8 /* Base */ = {isa = PBXFileReference; lastKnownFileType = file.storyboard; name = Base; path = Base.lproj/LaunchScreen.storyboard; sourceTree = "<group>"; };
		3E43B06F2B86F32A003FD9C8 /* Info.plist */ = {isa = PBXFileReference; lastKnownFileType = text.plist.xml; path = Info.plist; sourceTree = "<group>"; };
		3E43B0742B86F32A003FD9C8 /* Case4Tests.xctest */ = {isa = PBXFileReference; explicitFileType = wrapper.cfbundle; includeInIndex = 0; path = Case4Tests.xctest; sourceTree = BUILT_PRODUCTS_DIR; };
		3E43B0782B86F32A003FD9C8 /* Case4Tests.swift */ = {isa = PBXFileReference; lastKnownFileType = sourcecode.swift; path = Case4Tests.swift; sourceTree = "<group>"; };
		3E43B07E2B86F32A003FD9C8 /* Case4UITests.xctest */ = {isa = PBXFileReference; explicitFileType = wrapper.cfbundle; includeInIndex = 0; path = Case4UITests.xctest; sourceTree = BUILT_PRODUCTS_DIR; };
		3E43B0822B86F32A003FD9C8 /* Case4UITests.swift */ = {isa = PBXFileReference; lastKnownFileType = sourcecode.swift; path = Case4UITests.swift; sourceTree = "<group>"; };
		3E43B0842B86F32A003FD9C8 /* Case4UITestsLaunchTests.swift */ = {isa = PBXFileReference; lastKnownFileType = sourcecode.swift; path = Case4UITestsLaunchTests.swift; sourceTree = "<group>"; };
		3E9716F82B8706620072BB85 /* Case4.entitlements */ = {isa = PBXFileReference; lastKnownFileType = text.plist.entitlements; path = Case4.entitlements; sourceTree = "<group>"; };
		3ED604B32B8715DB003EAB9F /* GoogleService-Info.plist */ = {isa = PBXFileReference; fileEncoding = 4; lastKnownFileType = text.plist.xml; path = "GoogleService-Info.plist"; sourceTree = "<group>"; };
		3ED604B82B87228E003EAB9F /* HomeView.swift */ = {isa = PBXFileReference; lastKnownFileType = sourcecode.swift; path = HomeView.swift; sourceTree = "<group>"; };
		3ED604BA2B87229E003EAB9F /* HomeInteractor.swift */ = {isa = PBXFileReference; lastKnownFileType = sourcecode.swift; path = HomeInteractor.swift; sourceTree = "<group>"; };
		3ED604BC2B8722A9003EAB9F /* HomePresenter.swift */ = {isa = PBXFileReference; lastKnownFileType = sourcecode.swift; path = HomePresenter.swift; sourceTree = "<group>"; };
		3ED604BE2B8722B1003EAB9F /* HomeRouter.swift */ = {isa = PBXFileReference; lastKnownFileType = sourcecode.swift; path = HomeRouter.swift; sourceTree = "<group>"; };
		3FD17CA354A738834D70C678 /* Pods-Case4.release.xcconfig */ = {isa = PBXFileReference; includeInIndex = 1; lastKnownFileType = text.xcconfig; name = "Pods-Case4.release.xcconfig"; path = "Target Support Files/Pods-Case4/Pods-Case4.release.xcconfig"; sourceTree = "<group>"; };
		6DCBC60A3837A2B17367404A /* Pods-Case4-Case4UITests.debug.xcconfig */ = {isa = PBXFileReference; includeInIndex = 1; lastKnownFileType = text.xcconfig; name = "Pods-Case4-Case4UITests.debug.xcconfig"; path = "Target Support Files/Pods-Case4-Case4UITests/Pods-Case4-Case4UITests.debug.xcconfig"; sourceTree = "<group>"; };
		9F2D0BA652B830473588358A /* Pods-Case4.debug.xcconfig */ = {isa = PBXFileReference; includeInIndex = 1; lastKnownFileType = text.xcconfig; name = "Pods-Case4.debug.xcconfig"; path = "Target Support Files/Pods-Case4/Pods-Case4.debug.xcconfig"; sourceTree = "<group>"; };
		D82B6953691438F51B0F8560 /* Pods_Case4Tests.framework */ = {isa = PBXFileReference; explicitFileType = wrapper.framework; includeInIndex = 0; path = Pods_Case4Tests.framework; sourceTree = BUILT_PRODUCTS_DIR; };
		F576DC562E6F09D51CEAAFE8 /* Pods-Case4-Case4UITests.release.xcconfig */ = {isa = PBXFileReference; includeInIndex = 1; lastKnownFileType = text.xcconfig; name = "Pods-Case4-Case4UITests.release.xcconfig"; path = "Target Support Files/Pods-Case4-Case4UITests/Pods-Case4-Case4UITests.release.xcconfig"; sourceTree = "<group>"; };
/* End PBXFileReference section */

/* Begin PBXFrameworksBuildPhase section */
		3E43B05B2B86F32A003FD9C8 /* Frameworks */ = {
			isa = PBXFrameworksBuildPhase;
			buildActionMask = 2147483647;
			files = (
				3672841F119907361FEA0F50 /* Pods_Case4.framework in Frameworks */,
			);
			runOnlyForDeploymentPostprocessing = 0;
		};
		3E43B0712B86F32A003FD9C8 /* Frameworks */ = {
			isa = PBXFrameworksBuildPhase;
			buildActionMask = 2147483647;
			files = (
				19842765211EF5595E3EEBE9 /* Pods_Case4Tests.framework in Frameworks */,
			);
			runOnlyForDeploymentPostprocessing = 0;
		};
		3E43B07B2B86F32A003FD9C8 /* Frameworks */ = {
			isa = PBXFrameworksBuildPhase;
			buildActionMask = 2147483647;
			files = (
				1F575B0082BF76E961D028A7 /* Pods_Case4_Case4UITests.framework in Frameworks */,
			);
			runOnlyForDeploymentPostprocessing = 0;
		};
/* End PBXFrameworksBuildPhase section */

/* Begin PBXGroup section */
		3252F70842F21BF85BFA81F5 /* Frameworks */ = {
			isa = PBXGroup;
			children = (
				14F03AE23831BDBAF5C313C3 /* Pods_Case4.framework */,
				156951A2C8251D40BE4E7CE1 /* Pods_Case4_Case4UITests.framework */,
				D82B6953691438F51B0F8560 /* Pods_Case4Tests.framework */,
			);
			name = Frameworks;
			sourceTree = "<group>";
		};
		3E43B0552B86F32A003FD9C8 = {
			isa = PBXGroup;
			children = (
				3E43B0602B86F32A003FD9C8 /* Case4 */,
				3E43B0772B86F32A003FD9C8 /* Case4Tests */,
				3E43B0812B86F32A003FD9C8 /* Case4UITests */,
				3E43B05F2B86F32A003FD9C8 /* Products */,
				C4A7748BE071E216F2127178 /* Pods */,
				3252F70842F21BF85BFA81F5 /* Frameworks */,
			);
			sourceTree = "<group>";
		};
		3E43B05F2B86F32A003FD9C8 /* Products */ = {
			isa = PBXGroup;
			children = (
				3E43B05E2B86F32A003FD9C8 /* Case4.app */,
				3E43B0742B86F32A003FD9C8 /* Case4Tests.xctest */,
				3E43B07E2B86F32A003FD9C8 /* Case4UITests.xctest */,
			);
			name = Products;
			sourceTree = "<group>";
		};
		3E43B0602B86F32A003FD9C8 /* Case4 */ = {
			isa = PBXGroup;
			children = (
				3ED604B72B871FB3003EAB9F /* TransactionModule */,
				3ED604B62B871FAA003EAB9F /* HomeModule */,
				3ED604B32B8715DB003EAB9F /* GoogleService-Info.plist */,
				3E9716F82B8706620072BB85 /* Case4.entitlements */,
				3E43B0612B86F32A003FD9C8 /* AppDelegate.swift */,
				3E43B0632B86F32A003FD9C8 /* SceneDelegate.swift */,
				3E43B0652B86F32A003FD9C8 /* ViewController.swift */,
				3E43B06A2B86F32A003FD9C8 /* Assets.xcassets */,
				3E43B06C2B86F32A003FD9C8 /* LaunchScreen.storyboard */,
				3E43B06F2B86F32A003FD9C8 /* Info.plist */,
			);
			path = Case4;
			sourceTree = "<group>";
		};
		3E43B0772B86F32A003FD9C8 /* Case4Tests */ = {
			isa = PBXGroup;
			children = (
				3E43B0782B86F32A003FD9C8 /* Case4Tests.swift */,
			);
			path = Case4Tests;
			sourceTree = "<group>";
		};
		3E43B0812B86F32A003FD9C8 /* Case4UITests */ = {
			isa = PBXGroup;
			children = (
				3E43B0822B86F32A003FD9C8 /* Case4UITests.swift */,
				3E43B0842B86F32A003FD9C8 /* Case4UITestsLaunchTests.swift */,
			);
			path = Case4UITests;
			sourceTree = "<group>";
		};
		3ED604B62B871FAA003EAB9F /* HomeModule */ = {
			isa = PBXGroup;
			children = (
				3ED604B82B87228E003EAB9F /* HomeView.swift */,
				3ED604BA2B87229E003EAB9F /* HomeInteractor.swift */,
				3ED604BC2B8722A9003EAB9F /* HomePresenter.swift */,
				3ED604BE2B8722B1003EAB9F /* HomeRouter.swift */,
			);
			path = HomeModule;
			sourceTree = "<group>";
		};
		3ED604B72B871FB3003EAB9F /* TransactionModule */ = {
			isa = PBXGroup;
			children = (
			);
			path = TransactionModule;
			sourceTree = "<group>";
		};
		C4A7748BE071E216F2127178 /* Pods */ = {
			isa = PBXGroup;
			children = (
				9F2D0BA652B830473588358A /* Pods-Case4.debug.xcconfig */,
				3FD17CA354A738834D70C678 /* Pods-Case4.release.xcconfig */,
				6DCBC60A3837A2B17367404A /* Pods-Case4-Case4UITests.debug.xcconfig */,
				F576DC562E6F09D51CEAAFE8 /* Pods-Case4-Case4UITests.release.xcconfig */,
				28747982AFC3B2A383C5941C /* Pods-Case4Tests.debug.xcconfig */,
				213A3287BA94297E3735A8A0 /* Pods-Case4Tests.release.xcconfig */,
			);
			path = Pods;
			sourceTree = "<group>";
		};
/* End PBXGroup section */

/* Begin PBXNativeTarget section */
		3E43B05D2B86F32A003FD9C8 /* Case4 */ = {
			isa = PBXNativeTarget;
			buildConfigurationList = 3E43B0882B86F32A003FD9C8 /* Build configuration list for PBXNativeTarget "Case4" */;
			buildPhases = (
				DD8DB93AF35A4E2DEF44BFB6 /* [CP] Check Pods Manifest.lock */,
				3E43B05A2B86F32A003FD9C8 /* Sources */,
				3E43B05B2B86F32A003FD9C8 /* Frameworks */,
				3E43B05C2B86F32A003FD9C8 /* Resources */,
				FC35F6FA0158B8CA5C89021D /* [CP] Embed Pods Frameworks */,
			);
			buildRules = (
			);
			dependencies = (
			);
			name = Case4;
			productName = Case4;
			productReference = 3E43B05E2B86F32A003FD9C8 /* Case4.app */;
			productType = "com.apple.product-type.application";
		};
		3E43B0732B86F32A003FD9C8 /* Case4Tests */ = {
			isa = PBXNativeTarget;
			buildConfigurationList = 3E43B08B2B86F32A003FD9C8 /* Build configuration list for PBXNativeTarget "Case4Tests" */;
			buildPhases = (
				5CBCAFD41CC4E9755C17C2B2 /* [CP] Check Pods Manifest.lock */,
				3E43B0702B86F32A003FD9C8 /* Sources */,
				3E43B0712B86F32A003FD9C8 /* Frameworks */,
				3E43B0722B86F32A003FD9C8 /* Resources */,
			);
			buildRules = (
			);
			dependencies = (
				3E43B0762B86F32A003FD9C8 /* PBXTargetDependency */,
			);
			name = Case4Tests;
			productName = Case4Tests;
			productReference = 3E43B0742B86F32A003FD9C8 /* Case4Tests.xctest */;
			productType = "com.apple.product-type.bundle.unit-test";
		};
		3E43B07D2B86F32A003FD9C8 /* Case4UITests */ = {
			isa = PBXNativeTarget;
			buildConfigurationList = 3E43B08E2B86F32A003FD9C8 /* Build configuration list for PBXNativeTarget "Case4UITests" */;
			buildPhases = (
				EDA3D900498A017CE6A5321A /* [CP] Check Pods Manifest.lock */,
				3E43B07A2B86F32A003FD9C8 /* Sources */,
				3E43B07B2B86F32A003FD9C8 /* Frameworks */,
				3E43B07C2B86F32A003FD9C8 /* Resources */,
				46DF95FAC746728EEE951456 /* [CP] Embed Pods Frameworks */,
			);
			buildRules = (
			);
			dependencies = (
				3E43B0802B86F32A003FD9C8 /* PBXTargetDependency */,
			);
			name = Case4UITests;
			productName = Case4UITests;
			productReference = 3E43B07E2B86F32A003FD9C8 /* Case4UITests.xctest */;
			productType = "com.apple.product-type.bundle.ui-testing";
		};
/* End PBXNativeTarget section */

/* Begin PBXProject section */
		3E43B0562B86F32A003FD9C8 /* Project object */ = {
			isa = PBXProject;
			attributes = {
				BuildIndependentTargetsInParallel = 1;
				LastSwiftUpdateCheck = 1430;
				LastUpgradeCheck = 1430;
				TargetAttributes = {
					3E43B05D2B86F32A003FD9C8 = {
						CreatedOnToolsVersion = 14.3;
					};
					3E43B0732B86F32A003FD9C8 = {
						CreatedOnToolsVersion = 14.3;
						TestTargetID = 3E43B05D2B86F32A003FD9C8;
					};
					3E43B07D2B86F32A003FD9C8 = {
						CreatedOnToolsVersion = 14.3;
						TestTargetID = 3E43B05D2B86F32A003FD9C8;
					};
				};
			};
			buildConfigurationList = 3E43B0592B86F32A003FD9C8 /* Build configuration list for PBXProject "Case4" */;
			compatibilityVersion = "Xcode 14.0";
			developmentRegion = en;
			hasScannedForEncodings = 0;
			knownRegions = (
				en,
				Base,
			);
			mainGroup = 3E43B0552B86F32A003FD9C8;
			productRefGroup = 3E43B05F2B86F32A003FD9C8 /* Products */;
			projectDirPath = "";
			projectRoot = "";
			targets = (
				3E43B05D2B86F32A003FD9C8 /* Case4 */,
				3E43B0732B86F32A003FD9C8 /* Case4Tests */,
				3E43B07D2B86F32A003FD9C8 /* Case4UITests */,
			);
		};
/* End PBXProject section */

/* Begin PBXResourcesBuildPhase section */
		3E43B05C2B86F32A003FD9C8 /* Resources */ = {
			isa = PBXResourcesBuildPhase;
			buildActionMask = 2147483647;
			files = (
				3E43B06E2B86F32A003FD9C8 /* LaunchScreen.storyboard in Resources */,
				3E43B06B2B86F32A003FD9C8 /* Assets.xcassets in Resources */,
				3ED604B42B8715DB003EAB9F /* GoogleService-Info.plist in Resources */,
			);
			runOnlyForDeploymentPostprocessing = 0;
		};
		3E43B0722B86F32A003FD9C8 /* Resources */ = {
			isa = PBXResourcesBuildPhase;
			buildActionMask = 2147483647;
			files = (
			);
			runOnlyForDeploymentPostprocessing = 0;
		};
		3E43B07C2B86F32A003FD9C8 /* Resources */ = {
			isa = PBXResourcesBuildPhase;
			buildActionMask = 2147483647;
			files = (
			);
			runOnlyForDeploymentPostprocessing = 0;
		};
/* End PBXResourcesBuildPhase section */

/* Begin PBXShellScriptBuildPhase section */
		46DF95FAC746728EEE951456 /* [CP] Embed Pods Frameworks */ = {
			isa = PBXShellScriptBuildPhase;
			buildActionMask = 2147483647;
			files = (
			);
			inputFileListPaths = (
				"${PODS_ROOT}/Target Support Files/Pods-Case4-Case4UITests/Pods-Case4-Case4UITests-frameworks-${CONFIGURATION}-input-files.xcfilelist",
			);
			name = "[CP] Embed Pods Frameworks";
			outputFileListPaths = (
				"${PODS_ROOT}/Target Support Files/Pods-Case4-Case4UITests/Pods-Case4-Case4UITests-frameworks-${CONFIGURATION}-output-files.xcfilelist",
			);
			runOnlyForDeploymentPostprocessing = 0;
			shellPath = /bin/sh;
			shellScript = "\"${PODS_ROOT}/Target Support Files/Pods-Case4-Case4UITests/Pods-Case4-Case4UITests-frameworks.sh\"\n";
			showEnvVarsInLog = 0;
		};
		5CBCAFD41CC4E9755C17C2B2 /* [CP] Check Pods Manifest.lock */ = {
			isa = PBXShellScriptBuildPhase;
			buildActionMask = 2147483647;
			files = (
			);
			inputFileListPaths = (
			);
			inputPaths = (
				"${PODS_PODFILE_DIR_PATH}/Podfile.lock",
				"${PODS_ROOT}/Manifest.lock",
			);
			name = "[CP] Check Pods Manifest.lock";
			outputFileListPaths = (
			);
			outputPaths = (
				"$(DERIVED_FILE_DIR)/Pods-Case4Tests-checkManifestLockResult.txt",
			);
			runOnlyForDeploymentPostprocessing = 0;
			shellPath = /bin/sh;
			shellScript = "diff \"${PODS_PODFILE_DIR_PATH}/Podfile.lock\" \"${PODS_ROOT}/Manifest.lock\" > /dev/null\nif [ $? != 0 ] ; then\n    # print error to STDERR\n    echo \"error: The sandbox is not in sync with the Podfile.lock. Run 'pod install' or update your CocoaPods installation.\" >&2\n    exit 1\nfi\n# This output is used by Xcode 'outputs' to avoid re-running this script phase.\necho \"SUCCESS\" > \"${SCRIPT_OUTPUT_FILE_0}\"\n";
			showEnvVarsInLog = 0;
		};
		DD8DB93AF35A4E2DEF44BFB6 /* [CP] Check Pods Manifest.lock */ = {
			isa = PBXShellScriptBuildPhase;
			buildActionMask = 2147483647;
			files = (
			);
			inputFileListPaths = (
			);
			inputPaths = (
				"${PODS_PODFILE_DIR_PATH}/Podfile.lock",
				"${PODS_ROOT}/Manifest.lock",
			);
			name = "[CP] Check Pods Manifest.lock";
			outputFileListPaths = (
			);
			outputPaths = (
				"$(DERIVED_FILE_DIR)/Pods-Case4-checkManifestLockResult.txt",
			);
			runOnlyForDeploymentPostprocessing = 0;
			shellPath = /bin/sh;
			shellScript = "diff \"${PODS_PODFILE_DIR_PATH}/Podfile.lock\" \"${PODS_ROOT}/Manifest.lock\" > /dev/null\nif [ $? != 0 ] ; then\n    # print error to STDERR\n    echo \"error: The sandbox is not in sync with the Podfile.lock. Run 'pod install' or update your CocoaPods installation.\" >&2\n    exit 1\nfi\n# This output is used by Xcode 'outputs' to avoid re-running this script phase.\necho \"SUCCESS\" > \"${SCRIPT_OUTPUT_FILE_0}\"\n";
			showEnvVarsInLog = 0;
		};
		EDA3D900498A017CE6A5321A /* [CP] Check Pods Manifest.lock */ = {
			isa = PBXShellScriptBuildPhase;
			buildActionMask = 2147483647;
			files = (
			);
			inputFileListPaths = (
			);
			inputPaths = (
				"${PODS_PODFILE_DIR_PATH}/Podfile.lock",
				"${PODS_ROOT}/Manifest.lock",
			);
			name = "[CP] Check Pods Manifest.lock";
			outputFileListPaths = (
			);
			outputPaths = (
				"$(DERIVED_FILE_DIR)/Pods-Case4-Case4UITests-checkManifestLockResult.txt",
			);
			runOnlyForDeploymentPostprocessing = 0;
			shellPath = /bin/sh;
			shellScript = "diff \"${PODS_PODFILE_DIR_PATH}/Podfile.lock\" \"${PODS_ROOT}/Manifest.lock\" > /dev/null\nif [ $? != 0 ] ; then\n    # print error to STDERR\n    echo \"error: The sandbox is not in sync with the Podfile.lock. Run 'pod install' or update your CocoaPods installation.\" >&2\n    exit 1\nfi\n# This output is used by Xcode 'outputs' to avoid re-running this script phase.\necho \"SUCCESS\" > \"${SCRIPT_OUTPUT_FILE_0}\"\n";
			showEnvVarsInLog = 0;
		};
		FC35F6FA0158B8CA5C89021D /* [CP] Embed Pods Frameworks */ = {
			isa = PBXShellScriptBuildPhase;
			buildActionMask = 2147483647;
			files = (
			);
			inputFileListPaths = (
				"${PODS_ROOT}/Target Support Files/Pods-Case4/Pods-Case4-frameworks-${CONFIGURATION}-input-files.xcfilelist",
			);
			name = "[CP] Embed Pods Frameworks";
			outputFileListPaths = (
				"${PODS_ROOT}/Target Support Files/Pods-Case4/Pods-Case4-frameworks-${CONFIGURATION}-output-files.xcfilelist",
			);
			runOnlyForDeploymentPostprocessing = 0;
			shellPath = /bin/sh;
			shellScript = "\"${PODS_ROOT}/Target Support Files/Pods-Case4/Pods-Case4-frameworks.sh\"\n";
			showEnvVarsInLog = 0;
		};
/* End PBXShellScriptBuildPhase section */

/* Begin PBXSourcesBuildPhase section */
		3E43B05A2B86F32A003FD9C8 /* Sources */ = {
			isa = PBXSourcesBuildPhase;
			buildActionMask = 2147483647;
			files = (
				3E43B0662B86F32A003FD9C8 /* ViewController.swift in Sources */,
				3ED604B92B87228E003EAB9F /* HomeView.swift in Sources */,
				3ED604BF2B8722B1003EAB9F /* HomeRouter.swift in Sources */,
				3E43B0622B86F32A003FD9C8 /* AppDelegate.swift in Sources */,
				3ED604BD2B8722A9003EAB9F /* HomePresenter.swift in Sources */,
				3ED604BB2B87229E003EAB9F /* HomeInteractor.swift in Sources */,
				3E43B0642B86F32A003FD9C8 /* SceneDelegate.swift in Sources */,
			);
			runOnlyForDeploymentPostprocessing = 0;
		};
		3E43B0702B86F32A003FD9C8 /* Sources */ = {
			isa = PBXSourcesBuildPhase;
			buildActionMask = 2147483647;
			files = (
				3E43B0792B86F32A003FD9C8 /* Case4Tests.swift in Sources */,
			);
			runOnlyForDeploymentPostprocessing = 0;
		};
		3E43B07A2B86F32A003FD9C8 /* Sources */ = {
			isa = PBXSourcesBuildPhase;
			buildActionMask = 2147483647;
			files = (
				3E43B0832B86F32A003FD9C8 /* Case4UITests.swift in Sources */,
				3E43B0852B86F32A003FD9C8 /* Case4UITestsLaunchTests.swift in Sources */,
			);
			runOnlyForDeploymentPostprocessing = 0;
		};
/* End PBXSourcesBuildPhase section */

/* Begin PBXTargetDependency section */
		3E43B0762B86F32A003FD9C8 /* PBXTargetDependency */ = {
			isa = PBXTargetDependency;
			target = 3E43B05D2B86F32A003FD9C8 /* Case4 */;
			targetProxy = 3E43B0752B86F32A003FD9C8 /* PBXContainerItemProxy */;
		};
		3E43B0802B86F32A003FD9C8 /* PBXTargetDependency */ = {
			isa = PBXTargetDependency;
			target = 3E43B05D2B86F32A003FD9C8 /* Case4 */;
			targetProxy = 3E43B07F2B86F32A003FD9C8 /* PBXContainerItemProxy */;
		};
/* End PBXTargetDependency section */

/* Begin PBXVariantGroup section */
		3E43B06C2B86F32A003FD9C8 /* LaunchScreen.storyboard */ = {
			isa = PBXVariantGroup;
			children = (
				3E43B06D2B86F32A003FD9C8 /* Base */,
			);
			name = LaunchScreen.storyboard;
			sourceTree = "<group>";
		};
/* End PBXVariantGroup section */

/* Begin XCBuildConfiguration section */
		3E43B0862B86F32A003FD9C8 /* Debug */ = {
			isa = XCBuildConfiguration;
			buildSettings = {
				ALWAYS_SEARCH_USER_PATHS = NO;
				CLANG_ANALYZER_NONNULL = YES;
				CLANG_ANALYZER_NUMBER_OBJECT_CONVERSION = YES_AGGRESSIVE;
				CLANG_CXX_LANGUAGE_STANDARD = "gnu++20";
				CLANG_ENABLE_MODULES = YES;
				CLANG_ENABLE_OBJC_ARC = YES;
				CLANG_ENABLE_OBJC_WEAK = YES;
				CLANG_WARN_BLOCK_CAPTURE_AUTORELEASING = YES;
				CLANG_WARN_BOOL_CONVERSION = YES;
				CLANG_WARN_COMMA = YES;
				CLANG_WARN_CONSTANT_CONVERSION = YES;
				CLANG_WARN_DEPRECATED_OBJC_IMPLEMENTATIONS = YES;
				CLANG_WARN_DIRECT_OBJC_ISA_USAGE = YES_ERROR;
				CLANG_WARN_DOCUMENTATION_COMMENTS = YES;
				CLANG_WARN_EMPTY_BODY = YES;
				CLANG_WARN_ENUM_CONVERSION = YES;
				CLANG_WARN_INFINITE_RECURSION = YES;
				CLANG_WARN_INT_CONVERSION = YES;
				CLANG_WARN_NON_LITERAL_NULL_CONVERSION = YES;
				CLANG_WARN_OBJC_IMPLICIT_RETAIN_SELF = YES;
				CLANG_WARN_OBJC_LITERAL_CONVERSION = YES;
				CLANG_WARN_OBJC_ROOT_CLASS = YES_ERROR;
				CLANG_WARN_QUOTED_INCLUDE_IN_FRAMEWORK_HEADER = YES;
				CLANG_WARN_RANGE_LOOP_ANALYSIS = YES;
				CLANG_WARN_STRICT_PROTOTYPES = YES;
				CLANG_WARN_SUSPICIOUS_MOVE = YES;
				CLANG_WARN_UNGUARDED_AVAILABILITY = YES_AGGRESSIVE;
				CLANG_WARN_UNREACHABLE_CODE = YES;
				CLANG_WARN__DUPLICATE_METHOD_MATCH = YES;
				COPY_PHASE_STRIP = NO;
				DEBUG_INFORMATION_FORMAT = dwarf;
				ENABLE_STRICT_OBJC_MSGSEND = YES;
				ENABLE_TESTABILITY = YES;
				GCC_C_LANGUAGE_STANDARD = gnu11;
				GCC_DYNAMIC_NO_PIC = NO;
				GCC_NO_COMMON_BLOCKS = YES;
				GCC_OPTIMIZATION_LEVEL = 0;
				GCC_PREPROCESSOR_DEFINITIONS = (
					"DEBUG=1",
					"$(inherited)",
				);
				GCC_WARN_64_TO_32_BIT_CONVERSION = YES;
				GCC_WARN_ABOUT_RETURN_TYPE = YES_ERROR;
				GCC_WARN_UNDECLARED_SELECTOR = YES;
				GCC_WARN_UNINITIALIZED_AUTOS = YES_AGGRESSIVE;
				GCC_WARN_UNUSED_FUNCTION = YES;
				GCC_WARN_UNUSED_VARIABLE = YES;
				IPHONEOS_DEPLOYMENT_TARGET = 16.4;
				MTL_ENABLE_DEBUG_INFO = INCLUDE_SOURCE;
				MTL_FAST_MATH = YES;
				ONLY_ACTIVE_ARCH = YES;
				SDKROOT = iphoneos;
				SWIFT_ACTIVE_COMPILATION_CONDITIONS = DEBUG;
				SWIFT_OPTIMIZATION_LEVEL = "-Onone";
			};
			name = Debug;
		};
		3E43B0872B86F32A003FD9C8 /* Release */ = {
			isa = XCBuildConfiguration;
			buildSettings = {
				ALWAYS_SEARCH_USER_PATHS = NO;
				CLANG_ANALYZER_NONNULL = YES;
				CLANG_ANALYZER_NUMBER_OBJECT_CONVERSION = YES_AGGRESSIVE;
				CLANG_CXX_LANGUAGE_STANDARD = "gnu++20";
				CLANG_ENABLE_MODULES = YES;
				CLANG_ENABLE_OBJC_ARC = YES;
				CLANG_ENABLE_OBJC_WEAK = YES;
				CLANG_WARN_BLOCK_CAPTURE_AUTORELEASING = YES;
				CLANG_WARN_BOOL_CONVERSION = YES;
				CLANG_WARN_COMMA = YES;
				CLANG_WARN_CONSTANT_CONVERSION = YES;
				CLANG_WARN_DEPRECATED_OBJC_IMPLEMENTATIONS = YES;
				CLANG_WARN_DIRECT_OBJC_ISA_USAGE = YES_ERROR;
				CLANG_WARN_DOCUMENTATION_COMMENTS = YES;
				CLANG_WARN_EMPTY_BODY = YES;
				CLANG_WARN_ENUM_CONVERSION = YES;
				CLANG_WARN_INFINITE_RECURSION = YES;
				CLANG_WARN_INT_CONVERSION = YES;
				CLANG_WARN_NON_LITERAL_NULL_CONVERSION = YES;
				CLANG_WARN_OBJC_IMPLICIT_RETAIN_SELF = YES;
				CLANG_WARN_OBJC_LITERAL_CONVERSION = YES;
				CLANG_WARN_OBJC_ROOT_CLASS = YES_ERROR;
				CLANG_WARN_QUOTED_INCLUDE_IN_FRAMEWORK_HEADER = YES;
				CLANG_WARN_RANGE_LOOP_ANALYSIS = YES;
				CLANG_WARN_STRICT_PROTOTYPES = YES;
				CLANG_WARN_SUSPICIOUS_MOVE = YES;
				CLANG_WARN_UNGUARDED_AVAILABILITY = YES_AGGRESSIVE;
				CLANG_WARN_UNREACHABLE_CODE = YES;
				CLANG_WARN__DUPLICATE_METHOD_MATCH = YES;
				COPY_PHASE_STRIP = NO;
				DEBUG_INFORMATION_FORMAT = "dwarf-with-dsym";
				ENABLE_NS_ASSERTIONS = NO;
				ENABLE_STRICT_OBJC_MSGSEND = YES;
				GCC_C_LANGUAGE_STANDARD = gnu11;
				GCC_NO_COMMON_BLOCKS = YES;
				GCC_WARN_64_TO_32_BIT_CONVERSION = YES;
				GCC_WARN_ABOUT_RETURN_TYPE = YES_ERROR;
				GCC_WARN_UNDECLARED_SELECTOR = YES;
				GCC_WARN_UNINITIALIZED_AUTOS = YES_AGGRESSIVE;
				GCC_WARN_UNUSED_FUNCTION = YES;
				GCC_WARN_UNUSED_VARIABLE = YES;
				IPHONEOS_DEPLOYMENT_TARGET = 16.4;
				MTL_ENABLE_DEBUG_INFO = NO;
				MTL_FAST_MATH = YES;
				SDKROOT = iphoneos;
				SWIFT_COMPILATION_MODE = wholemodule;
				SWIFT_OPTIMIZATION_LEVEL = "-O";
				VALIDATE_PRODUCT = YES;
			};
			name = Release;
		};
		3E43B0892B86F32A003FD9C8 /* Debug */ = {
			isa = XCBuildConfiguration;
			baseConfigurationReference = 9F2D0BA652B830473588358A /* Pods-Case4.debug.xcconfig */;
			buildSettings = {
				ASSETCATALOG_COMPILER_APPICON_NAME = AppIcon;
				ASSETCATALOG_COMPILER_GLOBAL_ACCENT_COLOR_NAME = AccentColor;
				CODE_SIGN_ENTITLEMENTS = Case4/Case4.entitlements;
				CODE_SIGN_STYLE = Automatic;
				CURRENT_PROJECT_VERSION = 1;
				DEVELOPMENT_TEAM = QT6B66A8Y8;
				GENERATE_INFOPLIST_FILE = YES;
				INFOPLIST_FILE = Case4/Info.plist;
				INFOPLIST_KEY_UIApplicationSupportsIndirectInputEvents = YES;
				INFOPLIST_KEY_UILaunchStoryboardName = LaunchScreen;
				INFOPLIST_KEY_UISupportedInterfaceOrientations_iPad = "UIInterfaceOrientationPortrait UIInterfaceOrientationPortraitUpsideDown UIInterfaceOrientationLandscapeLeft UIInterfaceOrientationLandscapeRight";
				INFOPLIST_KEY_UISupportedInterfaceOrientations_iPhone = "UIInterfaceOrientationPortrait UIInterfaceOrientationLandscapeLeft UIInterfaceOrientationLandscapeRight";
				LD_RUNPATH_SEARCH_PATHS = (
					"$(inherited)",
					"@executable_path/Frameworks",
				);
				MARKETING_VERSION = 1.0;
				PRODUCT_BUNDLE_IDENTIFIER = com.aldimahotma.Case4;
				PRODUCT_NAME = "$(TARGET_NAME)";
				SWIFT_EMIT_LOC_STRINGS = YES;
				SWIFT_VERSION = 5.0;
				TARGETED_DEVICE_FAMILY = "1,2";
			};
			name = Debug;
		};
		3E43B08A2B86F32A003FD9C8 /* Release */ = {
			isa = XCBuildConfiguration;
			baseConfigurationReference = 3FD17CA354A738834D70C678 /* Pods-Case4.release.xcconfig */;
			buildSettings = {
				ASSETCATALOG_COMPILER_APPICON_NAME = AppIcon;
				ASSETCATALOG_COMPILER_GLOBAL_ACCENT_COLOR_NAME = AccentColor;
				CODE_SIGN_ENTITLEMENTS = Case4/Case4.entitlements;
				CODE_SIGN_STYLE = Automatic;
				CURRENT_PROJECT_VERSION = 1;
				DEVELOPMENT_TEAM = QT6B66A8Y8;
				GENERATE_INFOPLIST_FILE = YES;
				INFOPLIST_FILE = Case4/Info.plist;
				INFOPLIST_KEY_UIApplicationSupportsIndirectInputEvents = YES;
				INFOPLIST_KEY_UILaunchStoryboardName = LaunchScreen;
				INFOPLIST_KEY_UISupportedInterfaceOrientations_iPad = "UIInterfaceOrientationPortrait UIInterfaceOrientationPortraitUpsideDown UIInterfaceOrientationLandscapeLeft UIInterfaceOrientationLandscapeRight";
				INFOPLIST_KEY_UISupportedInterfaceOrientations_iPhone = "UIInterfaceOrientationPortrait UIInterfaceOrientationLandscapeLeft UIInterfaceOrientationLandscapeRight";
				LD_RUNPATH_SEARCH_PATHS = (
					"$(inherited)",
					"@executable_path/Frameworks",
				);
				MARKETING_VERSION = 1.0;
				PRODUCT_BUNDLE_IDENTIFIER = com.aldimahotma.Case4;
				PRODUCT_NAME = "$(TARGET_NAME)";
				SWIFT_EMIT_LOC_STRINGS = YES;
				SWIFT_VERSION = 5.0;
				TARGETED_DEVICE_FAMILY = "1,2";
			};
			name = Release;
		};
		3E43B08C2B86F32A003FD9C8 /* Debug */ = {
			isa = XCBuildConfiguration;
			baseConfigurationReference = 28747982AFC3B2A383C5941C /* Pods-Case4Tests.debug.xcconfig */;
			buildSettings = {
				ALWAYS_EMBED_SWIFT_STANDARD_LIBRARIES = YES;
				BUNDLE_LOADER = "$(TEST_HOST)";
				CODE_SIGN_STYLE = Automatic;
				CURRENT_PROJECT_VERSION = 1;
				DEVELOPMENT_TEAM = QT6B66A8Y8;
				GENERATE_INFOPLIST_FILE = YES;
				IPHONEOS_DEPLOYMENT_TARGET = 16.4;
				MARKETING_VERSION = 1.0;
				PRODUCT_BUNDLE_IDENTIFIER = com.aldimahotma.Case4Tests;
				PRODUCT_NAME = "$(TARGET_NAME)";
				SWIFT_EMIT_LOC_STRINGS = NO;
				SWIFT_VERSION = 5.0;
				TARGETED_DEVICE_FAMILY = "1,2";
				TEST_HOST = "$(BUILT_PRODUCTS_DIR)/Case4.app/$(BUNDLE_EXECUTABLE_FOLDER_PATH)/Case4";
			};
			name = Debug;
		};
		3E43B08D2B86F32A003FD9C8 /* Release */ = {
			isa = XCBuildConfiguration;
			baseConfigurationReference = 213A3287BA94297E3735A8A0 /* Pods-Case4Tests.release.xcconfig */;
			buildSettings = {
				ALWAYS_EMBED_SWIFT_STANDARD_LIBRARIES = YES;
				BUNDLE_LOADER = "$(TEST_HOST)";
				CODE_SIGN_STYLE = Automatic;
				CURRENT_PROJECT_VERSION = 1;
				DEVELOPMENT_TEAM = QT6B66A8Y8;
				GENERATE_INFOPLIST_FILE = YES;
				IPHONEOS_DEPLOYMENT_TARGET = 16.4;
				MARKETING_VERSION = 1.0;
				PRODUCT_BUNDLE_IDENTIFIER = com.aldimahotma.Case4Tests;
				PRODUCT_NAME = "$(TARGET_NAME)";
				SWIFT_EMIT_LOC_STRINGS = NO;
				SWIFT_VERSION = 5.0;
				TARGETED_DEVICE_FAMILY = "1,2";
				TEST_HOST = "$(BUILT_PRODUCTS_DIR)/Case4.app/$(BUNDLE_EXECUTABLE_FOLDER_PATH)/Case4";
			};
			name = Release;
		};
		3E43B08F2B86F32A003FD9C8 /* Debug */ = {
			isa = XCBuildConfiguration;
			baseConfigurationReference = 6DCBC60A3837A2B17367404A /* Pods-Case4-Case4UITests.debug.xcconfig */;
			buildSettings = {
				ALWAYS_EMBED_SWIFT_STANDARD_LIBRARIES = YES;
				CODE_SIGN_STYLE = Automatic;
				CURRENT_PROJECT_VERSION = 1;
				DEVELOPMENT_TEAM = QT6B66A8Y8;
				GENERATE_INFOPLIST_FILE = YES;
				MARKETING_VERSION = 1.0;
				PRODUCT_BUNDLE_IDENTIFIER = com.aldimahotma.Case4UITests;
				PRODUCT_NAME = "$(TARGET_NAME)";
				SWIFT_EMIT_LOC_STRINGS = NO;
				SWIFT_VERSION = 5.0;
				TARGETED_DEVICE_FAMILY = "1,2";
				TEST_TARGET_NAME = Case4;
			};
			name = Debug;
		};
		3E43B0902B86F32A003FD9C8 /* Release */ = {
			isa = XCBuildConfiguration;
			baseConfigurationReference = F576DC562E6F09D51CEAAFE8 /* Pods-Case4-Case4UITests.release.xcconfig */;
			buildSettings = {
				ALWAYS_EMBED_SWIFT_STANDARD_LIBRARIES = YES;
				CODE_SIGN_STYLE = Automatic;
				CURRENT_PROJECT_VERSION = 1;
				DEVELOPMENT_TEAM = QT6B66A8Y8;
				GENERATE_INFOPLIST_FILE = YES;
				MARKETING_VERSION = 1.0;
				PRODUCT_BUNDLE_IDENTIFIER = com.aldimahotma.Case4UITests;
				PRODUCT_NAME = "$(TARGET_NAME)";
				SWIFT_EMIT_LOC_STRINGS = NO;
				SWIFT_VERSION = 5.0;
				TARGETED_DEVICE_FAMILY = "1,2";
				TEST_TARGET_NAME = Case4;
			};
			name = Release;
		};
/* End XCBuildConfiguration section */

/* Begin XCConfigurationList section */
		3E43B0592B86F32A003FD9C8 /* Build configuration list for PBXProject "Case4" */ = {
			isa = XCConfigurationList;
			buildConfigurations = (
				3E43B0862B86F32A003FD9C8 /* Debug */,
				3E43B0872B86F32A003FD9C8 /* Release */,
			);
			defaultConfigurationIsVisible = 0;
			defaultConfigurationName = Release;
		};
		3E43B0882B86F32A003FD9C8 /* Build configuration list for PBXNativeTarget "Case4" */ = {
			isa = XCConfigurationList;
			buildConfigurations = (
				3E43B0892B86F32A003FD9C8 /* Debug */,
				3E43B08A2B86F32A003FD9C8 /* Release */,
			);
			defaultConfigurationIsVisible = 0;
			defaultConfigurationName = Release;
		};
		3E43B08B2B86F32A003FD9C8 /* Build configuration list for PBXNativeTarget "Case4Tests" */ = {
			isa = XCConfigurationList;
			buildConfigurations = (
				3E43B08C2B86F32A003FD9C8 /* Debug */,
				3E43B08D2B86F32A003FD9C8 /* Release */,
			);
			defaultConfigurationIsVisible = 0;
			defaultConfigurationName = Release;
		};
		3E43B08E2B86F32A003FD9C8 /* Build configuration list for PBXNativeTarget "Case4UITests" */ = {
			isa = XCConfigurationList;
			buildConfigurations = (
				3E43B08F2B86F32A003FD9C8 /* Debug */,
				3E43B0902B86F32A003FD9C8 /* Release */,
			);
			defaultConfigurationIsVisible = 0;
			defaultConfigurationName = Release;
		};
/* End XCConfigurationList section */
	};
	rootObject = 3E43B0562B86F32A003FD9C8 /* Project object */;
}
